# THIS IS AN AUTOGENERATED FILE. DO NOT EDIT THIS FILE DIRECTLY.
# yarn lockfile v1


"@cspell/cspell-bundled-dicts@9.4.0":
  version "9.4.0"
  resolved "https://registry.yarnpkg.com/@cspell/cspell-bundled-dicts/-/cspell-bundled-dicts-9.4.0.tgz#321ace838402e8700f2bc2fe9ed770bcf8cae0ad"
  integrity sha512-Hm2gpMg/lRv4fKtiO2NfBiaJdFZVVb1V1a+IVhlD9qCuObLhCt60Oze2kD1dQzhbaIX756cs/eyxa5bQ5jihhQ==
  dependencies:
    "@cspell/dict-ada" "^4.1.1"
    "@cspell/dict-al" "^1.1.1"
    "@cspell/dict-aws" "^4.0.16"
    "@cspell/dict-bash" "^4.2.2"
    "@cspell/dict-companies" "^3.2.7"
    "@cspell/dict-cpp" "^6.0.15"
    "@cspell/dict-cryptocurrencies" "^5.0.5"
    "@cspell/dict-csharp" "^4.0.7"
    "@cspell/dict-css" "^4.0.18"
    "@cspell/dict-dart" "^2.3.1"
    "@cspell/dict-data-science" "^2.0.12"
    "@cspell/dict-django" "^4.1.5"
    "@cspell/dict-docker" "^1.1.16"
    "@cspell/dict-dotnet" "^5.0.10"
    "@cspell/dict-elixir" "^4.0.8"
    "@cspell/dict-en-common-misspellings" "^2.1.8"
    "@cspell/dict-en-gb-mit" "^3.1.14"
    "@cspell/dict-en_us" "^4.4.24"
    "@cspell/dict-filetypes" "^3.0.14"
    "@cspell/dict-flutter" "^1.1.1"
    "@cspell/dict-fonts" "^4.0.5"
    "@cspell/dict-fsharp" "^1.1.1"
    "@cspell/dict-fullstack" "^3.2.7"
    "@cspell/dict-gaming-terms" "^1.1.2"
    "@cspell/dict-git" "^3.0.7"
    "@cspell/dict-golang" "^6.0.24"
    "@cspell/dict-google" "^1.0.9"
    "@cspell/dict-haskell" "^4.0.6"
    "@cspell/dict-html" "^4.0.13"
    "@cspell/dict-html-symbol-entities" "^4.0.4"
    "@cspell/dict-java" "^5.0.12"
    "@cspell/dict-julia" "^1.1.1"
    "@cspell/dict-k8s" "^1.0.12"
    "@cspell/dict-kotlin" "^1.1.1"
    "@cspell/dict-latex" "^4.0.4"
    "@cspell/dict-lorem-ipsum" "^4.0.5"
    "@cspell/dict-lua" "^4.0.8"
    "@cspell/dict-makefile" "^1.0.5"
    "@cspell/dict-markdown" "^2.0.13"
    "@cspell/dict-monkeyc" "^1.0.11"
    "@cspell/dict-node" "^5.0.8"
    "@cspell/dict-npm" "^5.2.25"
    "@cspell/dict-php" "^4.1.0"
    "@cspell/dict-powershell" "^5.0.15"
    "@cspell/dict-public-licenses" "^2.0.15"
    "@cspell/dict-python" "^4.2.23"
    "@cspell/dict-r" "^2.1.1"
    "@cspell/dict-ruby" "^5.0.9"
    "@cspell/dict-rust" "^4.0.12"
    "@cspell/dict-scala" "^5.0.8"
    "@cspell/dict-shell" "^1.1.2"
    "@cspell/dict-software-terms" "^5.1.15"
    "@cspell/dict-sql" "^2.2.1"
    "@cspell/dict-svelte" "^1.0.7"
    "@cspell/dict-swift" "^2.0.6"
    "@cspell/dict-terraform" "^1.1.3"
    "@cspell/dict-typescript" "^3.2.3"
    "@cspell/dict-vue" "^3.0.5"
    "@cspell/dict-zig" "^1.0.0"

"@cspell/cspell-json-reporter@9.4.0":
  version "9.4.0"
  resolved "https://registry.yarnpkg.com/@cspell/cspell-json-reporter/-/cspell-json-reporter-9.4.0.tgz#b09debe8f6e649840d34e8c3c18df37204ac0ed9"
  integrity sha512-TpHY7t13xNhcZF9bwOfgVIhcyPDamMnxU/TBYhf4mPtXPLrZ5gBTg3UZh0/9Zn3naMjmJtngdsLvB2wai9xBlQ==
  dependencies:
    "@cspell/cspell-types" "9.4.0"

"@cspell/cspell-pipe@9.4.0":
  version "9.4.0"
  resolved "https://registry.yarnpkg.com/@cspell/cspell-pipe/-/cspell-pipe-9.4.0.tgz#440c9546dc4b03bb4eb7ecc2ba6fa01942d9aa7e"
  integrity sha512-cI0sUe7SB99hJB1T6PhH/MpSrnml1kOekTCE+VH3Eb7zkVP5/mwJXs8BlufdvwBona+Cgkx6jeWlhFpxLc39Yg==

"@cspell/cspell-resolver@9.4.0":
  version "9.4.0"
  resolved "https://registry.yarnpkg.com/@cspell/cspell-resolver/-/cspell-resolver-9.4.0.tgz#7dec64f6d8a07c9cfcefdd2bb0cc928775c7401c"
  integrity sha512-o9gbbdXlhxG2rqtGqQ7xZ8MGDDsPLbskBnTeuA++ix4Ch/HdjrBNmKReIGAEqJPfP+JGgoEKqFISHUDKAJ/ygQ==
  dependencies:
    global-directory "^4.0.1"

"@cspell/cspell-service-bus@9.4.0":
  version "9.4.0"
  resolved "https://registry.yarnpkg.com/@cspell/cspell-service-bus/-/cspell-service-bus-9.4.0.tgz#84b29fe57d45f3fcce802484853b12a53adcda54"
  integrity sha512-UottRlFPN6FGUfojx5HtUPZTeYXg2rf2HvO/HLh0KicirVYO16vFxTevg9MyOvw1EXSsDRz8ECANjiE7fnzBCQ==

"@cspell/cspell-types@9.4.0":
  version "9.4.0"
  resolved "https://registry.yarnpkg.com/@cspell/cspell-types/-/cspell-types-9.4.0.tgz#d28b438b537361c14bde048ae1b6570255e63fc7"
  integrity sha512-vSpd50OfmthBH0aRFRLA2zJFtwli3ntHA0WAOJ8tIMLUCJgF3udooRXFeX3wR8ri69C9mc3864LC4inyRC/E9w==

"@cspell/dict-ada@^4.1.1":
  version "4.1.1"
  resolved "https://registry.yarnpkg.com/@cspell/dict-ada/-/dict-ada-4.1.1.tgz#78c0c9916e8c96cd38908c02b0c4979f9622c650"
  integrity sha512-E+0YW9RhZod/9Qy2gxfNZiHJjCYFlCdI69br1eviQQWB8yOTJX0JHXLs79kOYhSW0kINPVUdvddEBe6Lu6CjGQ==

"@cspell/dict-al@^1.1.1":
  version "1.1.1"
  resolved "https://registry.yarnpkg.com/@cspell/dict-al/-/dict-al-1.1.1.tgz#d6581e7801daa0f4e7512d3431e7f00c1e7d53e1"
  integrity sha512-sD8GCaZetgQL4+MaJLXqbzWcRjfKVp8x+px3HuCaaiATAAtvjwUQ5/Iubiqwfd1boIh2Y1/3EgM3TLQ7Q8e0wQ==

"@cspell/dict-aws@^4.0.16":
  version "4.0.17"
  resolved "https://registry.yarnpkg.com/@cspell/dict-aws/-/dict-aws-4.0.17.tgz#73dba92ce69868babe114d6e436a5e4dd45b6c6c"
  integrity sha512-ORcblTWcdlGjIbWrgKF+8CNEBQiLVKdUOFoTn0KPNkAYnFcdPP0muT4892h7H4Xafh3j72wqB4/loQ6Nti9E/w==

"@cspell/dict-bash@^4.2.2":
  version "4.2.2"
  resolved "https://registry.yarnpkg.com/@cspell/dict-bash/-/dict-bash-4.2.2.tgz#44250d9f64067cf20a8d76dc885963c6902c6e21"
  integrity sha512-kyWbwtX3TsCf5l49gGQIZkRLaB/P8g73GDRm41Zu8Mv51kjl2H7Au0TsEvHv7jzcsRLS6aUYaZv6Zsvk1fOz+Q==
  dependencies:
    "@cspell/dict-shell" "1.1.2"

"@cspell/dict-companies@^3.2.7":
  version "3.2.8"
  resolved "https://registry.yarnpkg.com/@cspell/dict-companies/-/dict-companies-3.2.8.tgz#a5e02225ffa3831cfa5a9e2db2b30e28c14ecfb8"
  integrity sha512-NTP6ITcNvQqpZT86yPZX6kfGhjxD409K8GxFPSHODqKOLxi6eQkUTW9YSXe0o1rzio2Lm7P17laugXjvGnwOjg==

"@cspell/dict-cpp@^6.0.15":
  version "6.0.15"
  resolved "https://registry.yarnpkg.com/@cspell/dict-cpp/-/dict-cpp-6.0.15.tgz#4f25282044d51e9d9fd9f1054c20a60f0e377dcc"
  integrity sha512-N7MKK3llRNoBncygvrnLaGvmjo4xzVr5FbtAc9+MFGHK6/LeSySBupr1FM72XDaVSIsmBEe7sDYCHHwlI9Jb2w==

"@cspell/dict-cryptocurrencies@^5.0.5":
  version "5.0.5"
  resolved "https://registry.yarnpkg.com/@cspell/dict-cryptocurrencies/-/dict-cryptocurrencies-5.0.5.tgz#843a6ac45216227f5436c442a8683c1571e57160"
  integrity sha512-R68hYYF/rtlE6T/dsObStzN5QZw+0aQBinAXuWCVqwdS7YZo0X33vGMfChkHaiCo3Z2+bkegqHlqxZF4TD3rUA==

"@cspell/dict-csharp@^4.0.7":
  version "4.0.8"
  resolved "https://registry.yarnpkg.com/@cspell/dict-csharp/-/dict-csharp-4.0.8.tgz#27f6d5873f4dde77c03c78bb7d3c51bc8d8d78c1"
  integrity sha512-qmk45pKFHSxckl5mSlbHxmDitSsGMlk/XzFgt7emeTJWLNSTUK//MbYAkBNRtfzB4uD7pAFiKgpKgtJrTMRnrQ==

"@cspell/dict-css@^4.0.18":
  version "4.0.19"
  resolved "https://registry.yarnpkg.com/@cspell/dict-css/-/dict-css-4.0.19.tgz#0d7c78ff00ee73420ad9f8588d30df00bc290090"
  integrity sha512-VYHtPnZt/Zd/ATbW3rtexWpBnHUohUrQOHff/2JBhsVgxOrksAxJnLAO43Q1ayLJBJUUwNVo+RU0sx0aaysZfg==

"@cspell/dict-dart@^2.3.1":
  version "2.3.2"
  resolved "https://registry.yarnpkg.com/@cspell/dict-dart/-/dict-dart-2.3.2.tgz#aae782dcf6c673857945b9bbe03beeaa79649222"
  integrity sha512-sUiLW56t9gfZcu8iR/5EUg+KYyRD83Cjl3yjDEA2ApVuJvK1HhX+vn4e4k4YfjpUQMag8XO2AaRhARE09+/rqw==

"@cspell/dict-data-science@^2.0.12", "@cspell/dict-data-science@^2.0.13":
  version "2.0.13"
  resolved "https://registry.yarnpkg.com/@cspell/dict-data-science/-/dict-data-science-2.0.13.tgz#234e399bd7af8cd6c1be6054be7b65aed6974479"
  integrity sha512-l1HMEhBJkPmw4I2YGVu2eBSKM89K9pVF+N6qIr5Uo5H3O979jVodtuwP8I7LyPrJnC6nz28oxeGRCLh9xC5CVA==

"@cspell/dict-django@^4.1.5":
  version "4.1.6"
  resolved "https://registry.yarnpkg.com/@cspell/dict-django/-/dict-django-4.1.6.tgz#a92408ba8971ca3df3c602b9e3750a14be69a8f6"
  integrity sha512-SdbSFDGy9ulETqNz15oWv2+kpWLlk8DJYd573xhIkeRdcXOjskRuxjSZPKfW7O3NxN/KEf3gm3IevVOiNuFS+w==

"@cspell/dict-docker@^1.1.16":
  version "1.1.17"
  resolved "https://registry.yarnpkg.com/@cspell/dict-docker/-/dict-docker-1.1.17.tgz#8674b3613dfa9c7d2922f6ec29ff845cb16e6650"
  integrity sha512-OcnVTIpHIYYKhztNTyK8ShAnXTfnqs43hVH6p0py0wlcwRIXe5uj4f12n7zPf2CeBI7JAlPjEsV0Rlf4hbz/xQ==

"@cspell/dict-dotnet@^5.0.10":
  version "5.0.10"
  resolved "https://registry.yarnpkg.com/@cspell/dict-dotnet/-/dict-dotnet-5.0.10.tgz#7c1a4ba2174ead6e4c9cbe8f45ab80ecb1e37acc"
  integrity sha512-ooar8BP/RBNP1gzYfJPStKEmpWy4uv/7JCq6FOnJLeD1yyfG3d/LFMVMwiJo+XWz025cxtkM3wuaikBWzCqkmg==

"@cspell/dict-elixir@^4.0.8":
  version "4.0.8"
  resolved "https://registry.yarnpkg.com/@cspell/dict-elixir/-/dict-elixir-4.0.8.tgz#c1b2a30d0fc654a001f718f196beb60c01e0e1f6"
  integrity sha512-CyfphrbMyl4Ms55Vzuj+mNmd693HjBFr9hvU+B2YbFEZprE5AG+EXLYTMRWrXbpds4AuZcvN3deM2XVB80BN/Q==

"@cspell/dict-en-common-misspellings@^2.1.8":
  version "2.1.9"
  resolved "https://registry.yarnpkg.com/@cspell/dict-en-common-misspellings/-/dict-en-common-misspellings-2.1.9.tgz#32f30945d6c45434d733e9bafec7ee7c209fb7bc"
  integrity sha512-3pvtsn5UiW0TftC/fa3kKczD+rKFerTjxl0E/ZApz109ZkyjqolgoRPEVrERFdhGngnQ0s+634WkWRxN8nT4GA==

"@cspell/dict-en-gb-mit@^3.1.14":
  version "3.1.15"
  resolved "https://registry.yarnpkg.com/@cspell/dict-en-gb-mit/-/dict-en-gb-mit-3.1.15.tgz#87640a1b1cafe4c80f9e4ccec74b8bd6a9564f2d"
  integrity sha512-iF1KPSULjpAbtmPFTzyykytQPliBw5Qc7EVt5a/cdpJ/WBnosjBKHj0/svESc+enQoxq7bMcmhL9qJeGHQAWyQ==

"@cspell/dict-en_us@^4.4.24":
  version "4.4.26"
  resolved "https://registry.yarnpkg.com/@cspell/dict-en_us/-/dict-en_us-4.4.26.tgz#5c43790c1ff0f69c3e64cab7cf8513c4c43ead14"
  integrity sha512-rpjM87n2e3PN3mx9SbzQOIniEWUKewZj0xFA796Pzeu3gJlYsHsSkZZC6Jxdea2992EfrzJZYwJb+mjxa3gWGg==

"@cspell/dict-filetypes@^3.0.14":
  version "3.0.15"
  resolved "https://registry.yarnpkg.com/@cspell/dict-filetypes/-/dict-filetypes-3.0.15.tgz#63e39ffcfd25a4787d88b1ba8b461d20833c514f"
  integrity sha512-uDMeqYlLlK476w/muEFQGBy9BdQWS0mQ7BJiy/iQv5XUWZxE2O54ZQd9nW8GyQMzAgoyg5SG4hf9l039Qt66oA==

"@cspell/dict-flutter@^1.1.1":
  version "1.1.1"
  resolved "https://registry.yarnpkg.com/@cspell/dict-flutter/-/dict-flutter-1.1.1.tgz#fab57cf189a8012e870d2e1f21526b18345038d7"
  integrity sha512-UlOzRcH2tNbFhZmHJN48Za/2/MEdRHl2BMkCWZBYs+30b91mWvBfzaN4IJQU7dUZtowKayVIF9FzvLZtZokc5A==

"@cspell/dict-fonts@^4.0.5":
  version "4.0.5"
  resolved "https://registry.yarnpkg.com/@cspell/dict-fonts/-/dict-fonts-4.0.5.tgz#21ff391df20722c7d370ce79c89665e4b8980200"
  integrity sha512-BbpkX10DUX/xzHs6lb7yzDf/LPjwYIBJHJlUXSBXDtK/1HaeS+Wqol4Mlm2+NAgZ7ikIE5DQMViTgBUY3ezNoQ==

"@cspell/dict-fsharp@^1.1.1":
  version "1.1.1"
  resolved "https://registry.yarnpkg.com/@cspell/dict-fsharp/-/dict-fsharp-1.1.1.tgz#46414a8177b1c3373f1edb156df446088147cc22"
  integrity sha512-imhs0u87wEA4/cYjgzS0tAyaJpwG7vwtC8UyMFbwpmtw+/bgss+osNfyqhYRyS/ehVCWL17Ewx2UPkexjKyaBA==

"@cspell/dict-fullstack@^3.2.7":
  version "3.2.7"
  resolved "https://registry.yarnpkg.com/@cspell/dict-fullstack/-/dict-fullstack-3.2.7.tgz#b5cc10c8e93093b124811a3af8d7169e52133723"
  integrity sha512-IxEk2YAwAJKYCUEgEeOg3QvTL4XLlyArJElFuMQevU1dPgHgzWElFevN5lsTFnvMFA1riYsVinqJJX0BanCFEg==

"@cspell/dict-gaming-terms@^1.1.2":
  version "1.1.2"
  resolved "https://registry.yarnpkg.com/@cspell/dict-gaming-terms/-/dict-gaming-terms-1.1.2.tgz#459aa470b43eacbd3cbf7b32bd5bbb259cb78812"
  integrity sha512-9XnOvaoTBscq0xuD6KTEIkk9hhdfBkkvJAIsvw3JMcnp1214OCGW8+kako5RqQ2vTZR3Tnf3pc57o7VgkM0q1Q==

"@cspell/dict-git@^3.0.7":
  version "3.0.7"
  resolved "https://registry.yarnpkg.com/@cspell/dict-git/-/dict-git-3.0.7.tgz#382093019e8fa446f5cf2b347a9aef1cf7a30316"
  integrity sha512-odOwVKgfxCQfiSb+nblQZc4ErXmnWEnv8XwkaI4sNJ7cNmojnvogYVeMqkXPjvfrgEcizEEA4URRD2Ms5PDk1w==

"@cspell/dict-golang@^6.0.24":
  version "6.0.24"
  resolved "https://registry.yarnpkg.com/@cspell/dict-golang/-/dict-golang-6.0.24.tgz#d2a9f5d103f32572b4b1228ffe7be979802daf2d"
  integrity sha512-rY7PlC3MsHozmjrZWi0HQPUl0BVCV0+mwK0rnMT7pOIXqOe4tWCYMULDIsEk4F0gbIxb5badd2dkCPDYjLnDgA==

"@cspell/dict-google@^1.0.9":
  version "1.0.9"
  resolved "https://registry.yarnpkg.com/@cspell/dict-google/-/dict-google-1.0.9.tgz#5bf72aecf2ae8289bd2427245ca13ee77b39399c"
  integrity sha512-biL65POqialY0i4g6crj7pR6JnBkbsPovB2WDYkj3H4TuC/QXv7Pu5pdPxeUJA6TSCHI7T5twsO4VSVyRxD9CA==

"@cspell/dict-haskell@^4.0.6":
  version "4.0.6"
  resolved "https://registry.yarnpkg.com/@cspell/dict-haskell/-/dict-haskell-4.0.6.tgz#881436f944a6901cff8fab1af776277ca96f1b8c"
  integrity sha512-ib8SA5qgftExpYNjWhpYIgvDsZ/0wvKKxSP+kuSkkak520iPvTJumEpIE+qPcmJQo4NzdKMN8nEfaeci4OcFAQ==

"@cspell/dict-html-symbol-entities@^4.0.4":
  version "4.0.5"
  resolved "https://registry.yarnpkg.com/@cspell/dict-html-symbol-entities/-/dict-html-symbol-entities-4.0.5.tgz#cbdd8c133c7d649d32e10f48b58bd4a9304b5cb6"
  integrity sha512-429alTD4cE0FIwpMucvSN35Ld87HCyuM8mF731KU5Rm4Je2SG6hmVx7nkBsLyrmH3sQukTcr1GaiZsiEg8svPA==

"@cspell/dict-html@^4.0.13":
  version "4.0.14"
  resolved "https://registry.yarnpkg.com/@cspell/dict-html/-/dict-html-4.0.14.tgz#bc188c7094ed02be9aef3b7be65c601363026c99"
  integrity sha512-2bf7n+kS92g+cMKV0wr9o/Oq9n8JzU7CcrB96gIh2GHgnF+0xDOqO2W/1KeFAqOfqosoOVE48t+4dnEMkkoJ2Q==

"@cspell/dict-java@^5.0.12":
  version "5.0.12"
  resolved "https://registry.yarnpkg.com/@cspell/dict-java/-/dict-java-5.0.12.tgz#869ab27a972c7c0854a7a4854b770c4cf941fb8b"
  integrity sha512-qPSNhTcl7LGJ5Qp6VN71H8zqvRQK04S08T67knMq9hTA8U7G1sTKzLmBaDOFhq17vNX/+rT+rbRYp+B5Nwza1A==

"@cspell/dict-julia@^1.1.1":
  version "1.1.1"
  resolved "https://registry.yarnpkg.com/@cspell/dict-julia/-/dict-julia-1.1.1.tgz#78601c0e9397c2cba1aecfcc01dcc0654c5d2b9a"
  integrity sha512-WylJR9TQ2cgwd5BWEOfdO3zvDB+L7kYFm0I9u0s9jKHWQ6yKmfKeMjU9oXxTBxIufhCXm92SKwwVNAC7gjv+yA==

"@cspell/dict-k8s@^1.0.12":
  version "1.0.12"
  resolved "https://registry.yarnpkg.com/@cspell/dict-k8s/-/dict-k8s-1.0.12.tgz#f4dd4e780fd698af8b9e3ac9106d10c35a96df18"
  integrity sha512-2LcllTWgaTfYC7DmkMPOn9GsBWsA4DZdlun4po8s2ysTP7CPEnZc1ZfK6pZ2eI4TsZemlUQQ+NZxMe9/QutQxg==

"@cspell/dict-kotlin@^1.1.1":
  version "1.1.1"
  resolved "https://registry.yarnpkg.com/@cspell/dict-kotlin/-/dict-kotlin-1.1.1.tgz#830d7b3d33685c0998ef5b922b0d7779f6669706"
  integrity sha512-J3NzzfgmxRvEeOe3qUXnSJQCd38i/dpF9/t3quuWh6gXM+krsAXP75dY1CzDmS8mrJAlBdVBeAW5eAZTD8g86Q==

"@cspell/dict-latex@^4.0.4":
  version "4.0.4"
  resolved "https://registry.yarnpkg.com/@cspell/dict-latex/-/dict-latex-4.0.4.tgz#ce058efd274dac8936db0ac9c8134599a2bdaf9f"
  integrity sha512-YdTQhnTINEEm/LZgTzr9Voz4mzdOXH7YX+bSFs3hnkUHCUUtX/mhKgf1CFvZ0YNM2afjhQcmLaR9bDQVyYBvpA==

"@cspell/dict-lorem-ipsum@^4.0.5":
  version "4.0.5"
  resolved "https://registry.yarnpkg.com/@cspell/dict-lorem-ipsum/-/dict-lorem-ipsum-4.0.5.tgz#0321cef57b09387ea3dbae1ecd52123da9ec810f"
  integrity sha512-9a4TJYRcPWPBKkQAJ/whCu4uCAEgv/O2xAaZEI0n4y1/l18Yyx8pBKoIX5QuVXjjmKEkK7hi5SxyIsH7pFEK9Q==

"@cspell/dict-lua@^4.0.8":
  version "4.0.8"
  resolved "https://registry.yarnpkg.com/@cspell/dict-lua/-/dict-lua-4.0.8.tgz#0bb1683212cdac2acb60483bd5c8970d62a41972"
  integrity sha512-N4PkgNDMu9JVsRu7JBS/3E/dvfItRgk9w5ga2dKq+JupP2Y3lojNaAVFhXISh4Y0a6qXDn2clA6nvnavQ/jjLA==

"@cspell/dict-makefile@^1.0.5":
  version "1.0.5"
  resolved "https://registry.yarnpkg.com/@cspell/dict-makefile/-/dict-makefile-1.0.5.tgz#fe6e7df2360ff694ef41c90a0d4b422e81f560ef"
  integrity sha512-4vrVt7bGiK8Rx98tfRbYo42Xo2IstJkAF4tLLDMNQLkQ86msDlYSKG1ZCk8Abg+EdNcFAjNhXIiNO+w4KflGAQ==

"@cspell/dict-markdown@^2.0.13":
  version "2.0.14"
  resolved "https://registry.yarnpkg.com/@cspell/dict-markdown/-/dict-markdown-2.0.14.tgz#9c3f83af1608acf601f396344a15d8844b04b6f2"
  integrity sha512-uLKPNJsUcumMQTsZZgAK9RgDLyQhUz/uvbQTEkvF/Q4XfC1i/BnA8XrOrd0+Vp6+tPOKyA+omI5LRWfMu5K/Lw==

"@cspell/dict-monkeyc@^1.0.11":
  version "1.0.12"
  resolved "https://registry.yarnpkg.com/@cspell/dict-monkeyc/-/dict-monkeyc-1.0.12.tgz#76d4127d19d861acfb047a24fdc841b781416ef4"
  integrity sha512-MN7Vs11TdP5mbdNFQP5x2Ac8zOBm97ARg6zM5Sb53YQt/eMvXOMvrep7+/+8NJXs0jkp70bBzjqU4APcqBFNAw==

"@cspell/dict-node@^5.0.8":
  version "5.0.8"
  resolved "https://registry.yarnpkg.com/@cspell/dict-node/-/dict-node-5.0.8.tgz#5c732e6d9a71a8c857456abc26be2ee836cb720e"
  integrity sha512-AirZcN2i84ynev3p2/1NCPEhnNsHKMz9zciTngGoqpdItUb2bDt1nJBjwlsrFI78GZRph/VaqTVFwYikmncpXg==

"@cspell/dict-npm@^5.2.25":
  version "5.2.27"
  resolved "https://registry.yarnpkg.com/@cspell/dict-npm/-/dict-npm-5.2.27.tgz#e3c55712a12c99e8e9cdc860a25ae5cee485a10b"
  integrity sha512-REy2vRQ9BJkjoW8cEr8ewoJAZ0DsTh+TimJ58KgIG1d81caanNgdvKLSgDkPd8OlGxPfLKHe7o2TJuk/l7VqhA==

"@cspell/dict-php@^4.1.0":
  version "4.1.0"
  resolved "https://registry.yarnpkg.com/@cspell/dict-php/-/dict-php-4.1.0.tgz#d753cef07d21497e06e99f73a78279d3a0e20709"
  integrity sha512-dTDeabyOj7eFvn2Q4Za3uVXM2+SzeFMqX8ly2P0XTo4AzbCmI2hulFD/QIADwWmwiRrInbbf8cxwFHNIYrXl4w==

"@cspell/dict-powershell@^5.0.15":
  version "5.0.15"
  resolved "https://registry.yarnpkg.com/@cspell/dict-powershell/-/dict-powershell-5.0.15.tgz#4ad8b6a741c96508f7b5acbcda2a15978be351c6"
  integrity sha512-l4S5PAcvCFcVDMJShrYD0X6Huv9dcsQPlsVsBGbH38wvuN7gS7+GxZFAjTNxDmTY1wrNi1cCatSg6Pu2BW4rgg==

"@cspell/dict-public-licenses@^2.0.15":
  version "2.0.15"
  resolved "https://registry.yarnpkg.com/@cspell/dict-public-licenses/-/dict-public-licenses-2.0.15.tgz#e5a627fec1e08a482adef9e2e1a4f27e30740abf"
  integrity sha512-cJEOs901H13Pfy0fl4dCD1U+xpWIMaEPq8MeYU83FfDZvellAuSo4GqWCripfIqlhns/L6+UZEIJSOZnjgy7Wg==

"@cspell/dict-python@^4.2.23":
  version "4.2.24"
  resolved "https://registry.yarnpkg.com/@cspell/dict-python/-/dict-python-4.2.24.tgz#e6a4d6bf924055c2195f578e89c20d42fc3bcc79"
  integrity sha512-B1oXYTa0+3sKOvx/svwxFaT3MrkHJ7ZLWpA1N7ZyHoET7IJhLCwcfAu7DCTq1f24Wnd4t+ARJvPEmFbMx65VBw==
  dependencies:
    "@cspell/dict-data-science" "^2.0.13"

"@cspell/dict-r@^2.1.1":
  version "2.1.1"
  resolved "https://registry.yarnpkg.com/@cspell/dict-r/-/dict-r-2.1.1.tgz#ace8d66799cae4148411bb6483d9c8a8a3c8a50f"
  integrity sha512-71Ka+yKfG4ZHEMEmDxc6+blFkeTTvgKbKAbwiwQAuKl3zpqs1Y0vUtwW2N4b3LgmSPhV3ODVY0y4m5ofqDuKMw==

"@cspell/dict-ruby@^5.0.9":
  version "5.0.9"
  resolved "https://registry.yarnpkg.com/@cspell/dict-ruby/-/dict-ruby-5.0.9.tgz#844d6214a7c2132696eacc8f741d5950307d48e1"
  integrity sha512-H2vMcERMcANvQshAdrVx0XoWaNX8zmmiQN11dZZTQAZaNJ0xatdJoSqY8C8uhEMW89bfgpN+NQgGuDXW2vmXEw==

"@cspell/dict-rust@^4.0.12":
  version "4.0.12"
  resolved "https://registry.yarnpkg.com/@cspell/dict-rust/-/dict-rust-4.0.12.tgz#058cc67066f9c9bec1a503f221a131097493b797"
  integrity sha512-z2QiH+q9UlNhobBJArvILRxV8Jz0pKIK7gqu4TgmEYyjiu1TvnGZ1tbYHeu9w3I/wOP6UMDoCBTty5AlYfW0mw==

"@cspell/dict-scala@^5.0.8":
  version "5.0.8"
  resolved "https://registry.yarnpkg.com/@cspell/dict-scala/-/dict-scala-5.0.8.tgz#6b274dc2fad5d2829337f7c9e800f1d4262a2ded"
  integrity sha512-YdftVmumv8IZq9zu1gn2U7A4bfM2yj9Vaupydotyjuc+EEZZSqAafTpvW/jKLWji2TgybM1L2IhmV0s/Iv9BTw==

"@cspell/dict-shell@1.1.2", "@cspell/dict-shell@^1.1.2":
  version "1.1.2"
  resolved "https://registry.yarnpkg.com/@cspell/dict-shell/-/dict-shell-1.1.2.tgz#33634372214d3a3466b409e94392f6aaee6a0e9b"
  integrity sha512-WqOUvnwcHK1X61wAfwyXq04cn7KYyskg90j4lLg3sGGKMW9Sq13hs91pqrjC44Q+lQLgCobrTkMDw9Wyl9nRFA==

"@cspell/dict-software-terms@^5.1.15":
  version "5.1.17"
  resolved "https://registry.yarnpkg.com/@cspell/dict-software-terms/-/dict-software-terms-5.1.17.tgz#5dba5def6da62b995573587a2bc21b89c2063f61"
  integrity sha512-Dxea28iyreQSxChRLWH9TFYXHMWKEt68H0DRD+urZpWtzzMRXxqh1xHX0itGw0OpgR/aJBETNWLrxebdu0Dl+Q==

"@cspell/dict-sql@^2.2.1":
  version "2.2.1"
  resolved "https://registry.yarnpkg.com/@cspell/dict-sql/-/dict-sql-2.2.1.tgz#7dd2f1da1c32d3837c98986ab65727bb94332597"
  integrity sha512-qDHF8MpAYCf4pWU8NKbnVGzkoxMNrFqBHyG/dgrlic5EQiKANCLELYtGlX5auIMDLmTf1inA0eNtv74tyRJ/vg==

"@cspell/dict-svelte@^1.0.7":
  version "1.0.7"
  resolved "https://registry.yarnpkg.com/@cspell/dict-svelte/-/dict-svelte-1.0.7.tgz#c2d9edabc34052b56f6b19754672d392caa315e0"
  integrity sha512-hGZsGqP0WdzKkdpeVLBivRuSNzOTvN036EBmpOwxH+FTY2DuUH7ecW+cSaMwOgmq5JFSdTcbTNFlNC8HN8lhaQ==

"@cspell/dict-swift@^2.0.6":
  version "2.0.6"
  resolved "https://registry.yarnpkg.com/@cspell/dict-swift/-/dict-swift-2.0.6.tgz#bd2f7684b6fbf287fe82c4ebc0736bb38170bd2c"
  integrity sha512-PnpNbrIbex2aqU1kMgwEKvCzgbkHtj3dlFLPMqW1vSniop7YxaDTtvTUO4zA++ugYAEL+UK8vYrBwDPTjjvSnA==

"@cspell/dict-terraform@^1.1.3":
  version "1.1.3"
  resolved "https://registry.yarnpkg.com/@cspell/dict-terraform/-/dict-terraform-1.1.3.tgz#ccd45bd1e4a4ae69cdf8f8649a881c63b7295c66"
  integrity sha512-gr6wxCydwSFyyBKhBA2xkENXtVFToheqYYGFvlMZXWjviynXmh+NK/JTvTCk/VHk3+lzbO9EEQKee6VjrAUSbA==

"@cspell/dict-typescript@^3.2.3":
  version "3.2.3"
  resolved "https://registry.yarnpkg.com/@cspell/dict-typescript/-/dict-typescript-3.2.3.tgz#cf90e8248d6e5749daaa49bff460060b77d12301"
  integrity sha512-zXh1wYsNljQZfWWdSPYwQhpwiuW0KPW1dSd8idjMRvSD0aSvWWHoWlrMsmZeRl4qM4QCEAjua8+cjflm41cQBg==

"@cspell/dict-vue@^3.0.5":
  version "3.0.5"
  resolved "https://registry.yarnpkg.com/@cspell/dict-vue/-/dict-vue-3.0.5.tgz#e915b6a004d0352f5c27a2e4583c42dba62b6ce0"
  integrity sha512-Mqutb8jbM+kIcywuPQCCaK5qQHTdaByoEO2J9LKFy3sqAdiBogNkrplqUK0HyyRFgCfbJUgjz3N85iCMcWH0JA==

"@cspell/dict-zig@^1.0.0":
  version "1.0.0"
  resolved "https://registry.yarnpkg.com/@cspell/dict-zig/-/dict-zig-1.0.0.tgz#f75fef19f2fdad6f5bc4d02b95b8bec824e82ab9"
  integrity sha512-XibBIxBlVosU06+M6uHWkFeT0/pW5WajDRYdXG2CgHnq85b0TI/Ks0FuBJykmsgi2CAD3Qtx8UHFEtl/DSFnAQ==

"@cspell/dynamic-import@9.4.0":
  version "9.4.0"
  resolved "https://registry.yarnpkg.com/@cspell/dynamic-import/-/dynamic-import-9.4.0.tgz#4de777cdb6250ff6eb4bfef70ce0301c9a21ea9b"
  integrity sha512-d2fjLjzrKGUIn5hWK8gMuyAh2pqXSxBqOHpU1jR3jxbrO3MilunKNijaSstv7CZn067Jpc36VfaKQodaXNZzUA==
  dependencies:
    "@cspell/url" "9.4.0"
    import-meta-resolve "^4.2.0"

"@cspell/filetypes@9.4.0":
  version "9.4.0"
  resolved "https://registry.yarnpkg.com/@cspell/filetypes/-/filetypes-9.4.0.tgz#8db3b9c4e82631f7aa07a3b25eddef8aedb8ca5f"
  integrity sha512-RMrYHkvPF0tHVFM+T4voEhX9sfYQrd/mnNbf6+O4CWUyLCz4NQ5H9yOgEIJwEcLu4y3NESGXFef/Jn5xo0CUfg==

"@cspell/strong-weak-map@9.4.0":
  version "9.4.0"
  resolved "https://registry.yarnpkg.com/@cspell/strong-weak-map/-/strong-weak-map-9.4.0.tgz#c1d1661508f52a90bdd336d0d84e41c5949ecd2a"
  integrity sha512-ui7mlXYmqElS/SmRubPBNWdkQVWgWbB6rjCurc+0owYXlnweItAMHTxC8mCWM/Au22SF1dB/JR8QBELFXLkTjQ==

"@cspell/url@9.4.0":
  version "9.4.0"
  resolved "https://registry.yarnpkg.com/@cspell/url/-/url-9.4.0.tgz#669845fe4673535c234bc1908dae979e25f01cf5"
  integrity sha512-nt88P6m20AaVbqMxsyPf8KqyWPaFEW2UANi0ijBxc2xTkD2KiUovxfZUYW6NMU9XBYZlovT5LztkEhst2yBcSA==

ansi-regex@^6.2.2:
  version "6.2.2"
  resolved "https://registry.yarnpkg.com/ansi-regex/-/ansi-regex-6.2.2.tgz#60216eea464d864597ce2832000738a0589650c1"
  integrity sha512-Bq3SmSpyFHaWjPk8If9yc6svM8c56dB5BAtW4Qbw5jHTwwXXcTLoRMkpDJp6VL0XzlWaCHTXrkFURMYmD0sLqg==

argparse@^2.0.1:
  version "2.0.1"
  resolved "https://registry.yarnpkg.com/argparse/-/argparse-2.0.1.tgz#246f50f3ca78a3240f6c997e8a9bd1eac49e4b38"
  integrity sha512-8+9WqebbFzpX9OR+Wa6O29asIogeRMzcGtAINdpMHHyAg10f05aSFVBbcEqGf/PXw1EjAZ+q2/bEBg3DvurK3Q==

array-timsort@^1.0.3:
  version "1.0.3"
  resolved "https://registry.yarnpkg.com/array-timsort/-/array-timsort-1.0.3.tgz#3c9e4199e54fb2b9c3fe5976396a21614ef0d926"
  integrity sha512-/+3GRL7dDAGEfM6TseQk/U+mi18TU2Ms9I3UlLdUMhz2hbvGNTKdj9xniwXfUqgYhHxRx0+8UnKkvlNwVU+cWQ==

balanced-match@^1.0.0:
  version "1.0.0"
  resolved "https://registry.yarnpkg.com/balanced-match/-/balanced-match-1.0.0.tgz#89b4d199ab2bee49de164ea02b89ce462d71b767"
  integrity sha1-ibTRmasr7kneFk6gK4nORi1xt2c=

brace-expansion@^2.0.1:
  version "2.0.1"
  resolved "https://registry.yarnpkg.com/brace-expansion/-/brace-expansion-2.0.1.tgz#1edc459e0f0c548486ecf9fc99f2221364b9a0ae"
  integrity sha512-XnAIvQ8eM+kC6aULx6wuQiwVsnzsi9d3WxzV3FpWTGA19F621kwdbsAcFKXgKUHZWsy+mY6iL1sHTxWEFCytDA==
  dependencies:
    balanced-match "^1.0.0"

callsites@^3.0.0, callsites@^3.1.0:
  version "3.1.0"
  resolved "https://registry.yarnpkg.com/callsites/-/callsites-3.1.0.tgz#b3630abd8943432f54b3f0519238e33cd7df2f73"
  integrity sha512-P8BjAsXvZS+VIDUI11hHCQEv74YT67YUi5JJFNWIqL235sBmjX4+qx9Muvls5ivyNENctx46xQLQ3aTuE7ssaQ==

chalk-template@^1.1.2:
  version "1.1.2"
  resolved "https://registry.yarnpkg.com/chalk-template/-/chalk-template-1.1.2.tgz#88ff13e75a333d232304e13abc48c5b5be15f1ce"
  integrity sha512-2bxTP2yUH7AJj/VAXfcA+4IcWGdQ87HwBANLt5XxGTeomo8yG0y95N1um9i5StvhT/Bl0/2cARA5v1PpPXUxUA==
  dependencies:
    chalk "^5.2.0"

chalk@^5.2.0, chalk@^5.6.2:
  version "5.6.2"
  resolved "https://registry.yarnpkg.com/chalk/-/chalk-5.6.2.tgz#b1238b6e23ea337af71c7f8a295db5af0c158aea"
  integrity sha512-7NzBL0rN6fMUW+f7A6Io4h40qQlG+xGmtMxfbnH/K7TAtt8JQWVQK+6g0UXKMeVJoyV5EkkNsErQ8pVD3bLHbA==

clear-module@^4.1.2:
  version "4.1.2"
  resolved "https://registry.yarnpkg.com/clear-module/-/clear-module-4.1.2.tgz#5a58a5c9f8dccf363545ad7284cad3c887352a80"
  integrity sha512-LWAxzHqdHsAZlPlEyJ2Poz6AIs384mPeqLVCru2p0BrP9G/kVGuhNyZYClLO6cXlnuJjzC8xtsJIuMjKqLXoAw==
  dependencies:
    parent-module "^2.0.0"
    resolve-from "^5.0.0"

commander@^14.0.2:
  version "14.0.2"
  resolved "https://registry.yarnpkg.com/commander/-/commander-14.0.2.tgz#b71fd37fe4069e4c3c7c13925252ada4eba14e8e"
  integrity sha512-TywoWNNRbhoD0BXs1P3ZEScW8W5iKrnbithIl0YH+uCmBd0QpPOA8yc82DS3BIE5Ma6FnBVUsJ7wVUDz4dvOWQ==

commander@~9.4.1:
  version "9.4.1"
  resolved "https://registry.yarnpkg.com/commander/-/commander-9.4.1.tgz#d1dd8f2ce6faf93147295c0df13c7c21141cfbdd"
  integrity sha512-5EEkTNyHNGFPD2H+c/dXXfQZYa/scCKasxWcXJaWnNJ99pnQN9Vnmqow+p+PlFPE63Q6mThaZws1T+HxfpgtPw==

comment-json@^4.4.1:
  version "4.5.0"
  resolved "https://registry.yarnpkg.com/comment-json/-/comment-json-4.5.0.tgz#19f51e1005d5f0e2a8306bdc04ffac59b042fa13"
  integrity sha512-aKl8CwoMKxVTfAK4dFN4v54AEvuUh9pzmgVIBeK6gBomLwMgceQUKKWHzJdW1u1VQXQuwnJ7nJGWYYMTl5U4yg==
  dependencies:
    array-timsort "^1.0.3"
    core-util-is "^1.0.3"
    esprima "^4.0.1"

core-util-is@^1.0.3:
  version "1.0.3"
  resolved "https://registry.yarnpkg.com/core-util-is/-/core-util-is-1.0.3.tgz#a6042d3634c2b27e9328f837b965fac83808db85"
  integrity sha512-ZQBvi1DcpJ4GDqanjucZ2Hj3wEO5pZDS89BWbkcrvdxksJorwUDDZamX9ldFkp9aw2lmBDLgkObEA4DWNJ9FYQ==

cspell-config-lib@9.4.0:
  version "9.4.0"
  resolved "https://registry.yarnpkg.com/cspell-config-lib/-/cspell-config-lib-9.4.0.tgz#bcc2899940faddaf2e35941ced1e0cb1285b34bf"
  integrity sha512-CvQKSmK/DRIf3LpNx2sZth65pHW2AHngZqLkH3DTwnAPbiCAsE0XvCrVhvDfCNu/6uJIaa+NVHSs8GOf//DHBQ==
  dependencies:
    "@cspell/cspell-types" "9.4.0"
    comment-json "^4.4.1"
    smol-toml "^1.5.2"
    yaml "^2.8.2"

cspell-dictionary@9.4.0:
  version "9.4.0"
  resolved "https://registry.yarnpkg.com/cspell-dictionary/-/cspell-dictionary-9.4.0.tgz#3ddc0d4d3b56dcdb92fda2d209bd80b9dabadcd4"
  integrity sha512-c2qscanRZChoHZFYI7KpvBMdy8i6wNwl2EflcNRrFiFOq67t9CgxLe54PafaqhrHGpBc8nElaZKciLvjj6Uscw==
  dependencies:
    "@cspell/cspell-pipe" "9.4.0"
    "@cspell/cspell-types" "9.4.0"
    cspell-trie-lib "9.4.0"
    fast-equals "^5.3.3"

cspell-gitignore@9.4.0:
  version "9.4.0"
  resolved "https://registry.yarnpkg.com/cspell-gitignore/-/cspell-gitignore-9.4.0.tgz#32a1bbede9cf08311edcd6684b56aef1634e34ce"
  integrity sha512-HMrzLmJBUMSpaMMkltlTAz/aVOrHxixyhKfg5WbFCJ5JYZO6Qu3/JU3wRoOFoud9449wRjLkvrGmbbL2+vO6Lw==
  dependencies:
    "@cspell/url" "9.4.0"
    cspell-glob "9.4.0"
    cspell-io "9.4.0"

cspell-glob@9.4.0:
  version "9.4.0"
  resolved "https://registry.yarnpkg.com/cspell-glob/-/cspell-glob-9.4.0.tgz#a8914868a7a9fb2100b6f1c85bfe430aaa562b70"
  integrity sha512-Q87Suj9oXrhoKck15qWorCizBjMNxG/k3NjnhKIAMrF+PdUa1Mpl0MOD+hqV1Wvwh1UHcIMYCP3bR3XpBbNx+Q==
  dependencies:
    "@cspell/url" "9.4.0"
    picomatch "^4.0.3"

cspell-grammar@9.4.0:
  version "9.4.0"
  resolved "https://registry.yarnpkg.com/cspell-grammar/-/cspell-grammar-9.4.0.tgz#5753ab9adcd71d2c8829f3d54e7f5adb5343df8b"
  integrity sha512-ie7OQ4Neflo+61bMzoLR7GtlZfMBAm2KL1U4iNqh15wUE5fDbvXeN15H5lu+gcO8BwYvC5wxZknw1x62/J8+3Q==
  dependencies:
    "@cspell/cspell-pipe" "9.4.0"
    "@cspell/cspell-types" "9.4.0"

cspell-io@9.4.0:
  version "9.4.0"
  resolved "https://registry.yarnpkg.com/cspell-io/-/cspell-io-9.4.0.tgz#855dbd4b900ea198b44f91c3490f0672d8486927"
  integrity sha512-8w30dqlO54H9w6WGlvZhHI5kytVbF3bYPqKJAZLWKEO36L2mdpf6/abx/FA4yVLJ56wmH1x0N0ZK32wNRl5C6A==
  dependencies:
    "@cspell/cspell-service-bus" "9.4.0"
    "@cspell/url" "9.4.0"

cspell-lib@9.4.0:
  version "9.4.0"
  resolved "https://registry.yarnpkg.com/cspell-lib/-/cspell-lib-9.4.0.tgz#bdc60fae392678791746cfb9562e14fe5ac7f8ba"
  integrity sha512-ajjioE59IEDNUPawfaBpiMfGC32iKPkuYd4T9ftguuef8VvyKRifniiUi1nxwGgAhzSfxHvWs7qdT+29Pp5TMQ==
  dependencies:
    "@cspell/cspell-bundled-dicts" "9.4.0"
    "@cspell/cspell-pipe" "9.4.0"
    "@cspell/cspell-resolver" "9.4.0"
    "@cspell/cspell-types" "9.4.0"
    "@cspell/dynamic-import" "9.4.0"
    "@cspell/filetypes" "9.4.0"
    "@cspell/strong-weak-map" "9.4.0"
    "@cspell/url" "9.4.0"
    clear-module "^4.1.2"
    cspell-config-lib "9.4.0"
    cspell-dictionary "9.4.0"
    cspell-glob "9.4.0"
    cspell-grammar "9.4.0"
    cspell-io "9.4.0"
    cspell-trie-lib "9.4.0"
    env-paths "^3.0.0"
    gensequence "^8.0.8"
    import-fresh "^3.3.1"
    resolve-from "^5.0.0"
    vscode-languageserver-textdocument "^1.0.12"
    vscode-uri "^3.1.0"
    xdg-basedir "^5.1.0"

cspell-trie-lib@9.4.0:
  version "9.4.0"
  resolved "https://registry.yarnpkg.com/cspell-trie-lib/-/cspell-trie-lib-9.4.0.tgz#9eb4aea7bcc16ac8ae572f492eb29a6418330d7d"
  integrity sha512-bySJTm8XDiJAoC1MDo4lE/KpSNxydo13ZETC8TF7Hb3rbWI1c6o5eZ4+i/tkG3M94OvKV91+MeAvoMCe7GGgAw==
  dependencies:
    "@cspell/cspell-pipe" "9.4.0"
    "@cspell/cspell-types" "9.4.0"
    gensequence "^8.0.8"

cspell@^9.4.0:
  version "9.4.0"
  resolved "https://registry.yarnpkg.com/cspell/-/cspell-9.4.0.tgz#1c8b0f267309200e27238dbdec722f21c0032e7b"
  integrity sha512-ZvXO+EY/G0/msu7jwRiVk0sXL/zB7DMJLBvjSUrK82uVbDoDxHwXxUuOz2UVnk2+J61//ldIZrjxVK8KMvaJlg==
  dependencies:
    "@cspell/cspell-json-reporter" "9.4.0"
    "@cspell/cspell-pipe" "9.4.0"
    "@cspell/cspell-types" "9.4.0"
    "@cspell/dynamic-import" "9.4.0"
    "@cspell/url" "9.4.0"
    ansi-regex "^6.2.2"
    chalk "^5.6.2"
    chalk-template "^1.1.2"
    commander "^14.0.2"
    cspell-config-lib "9.4.0"
    cspell-dictionary "9.4.0"
    cspell-gitignore "9.4.0"
    cspell-glob "9.4.0"
    cspell-io "9.4.0"
    cspell-lib "9.4.0"
    fast-json-stable-stringify "^2.1.0"
    flatted "^3.3.3"
    semver "^7.7.3"
    tinyglobby "^0.2.15"

deep-extend@^0.6.0:
  version "0.6.0"
  resolved "https://registry.yarnpkg.com/deep-extend/-/deep-extend-0.6.0.tgz#c4fa7c95404a17a9c3e8ca7e1537312b736330ac"
  integrity sha512-LOHxIOaPYdHlJRtCQfDIVZtfw/ufM8+rVj649RIHzcm/vGwQRXFt6OPqIFWsm2XEMrNIEtWR64sY1LEKD2vAOA==

entities@~3.0.1:
  version "3.0.1"
  resolved "https://registry.yarnpkg.com/entities/-/entities-3.0.1.tgz#2b887ca62585e96db3903482d336c1006c3001d4"
  integrity sha512-WiyBqoomrwMdFG1e0kqvASYfnlb0lp8M5o5Fw2OFq1hNZxxcNk8Ik0Xm7LxzBhuidnZB/UtBqVCgUz3kBOP51Q==

env-paths@^3.0.0:
  version "3.0.0"
  resolved "https://registry.yarnpkg.com/env-paths/-/env-paths-3.0.0.tgz#2f1e89c2f6dbd3408e1b1711dd82d62e317f58da"
  integrity sha512-dtJUTepzMW3Lm/NPxRf3wP4642UWhjL2sQxc+ym2YMj1m/H2zDNQOlezafzkHwn6sMstjHTwG6iQQsctDW/b1A==

esprima@^4.0.1:
  version "4.0.1"
  resolved "https://registry.yarnpkg.com/esprima/-/esprima-4.0.1.tgz#13b04cdb3e6c5d19df91ab6987a8695619b0aa71"
  integrity sha512-eGuFFw7Upda+g4p+QHvnW0RyTX/SVeJBDM/gCtMARO0cLuT2HcEKnTPvhjV6aGeqrCB/sbNop0Kszm0jsaWU4A==

fast-equals@^5.3.3:
  version "5.4.0"
  resolved "https://registry.yarnpkg.com/fast-equals/-/fast-equals-5.4.0.tgz#b60073b8764f27029598447f05773c7534ba7f1e"
  integrity sha512-jt2DW/aNFNwke7AUd+Z+e6pz39KO5rzdbbFCg2sGafS4mk13MI7Z8O5z9cADNn5lhGODIgLwug6TZO2ctf7kcw==

fast-json-stable-stringify@^2.1.0:
  version "2.1.0"
  resolved "https://registry.yarnpkg.com/fast-json-stable-stringify/-/fast-json-stable-stringify-2.1.0.tgz#874bf69c6f404c2b5d99c481341399fd55892633"
  integrity sha512-lhd/wF+Lk98HZoTCtlVraHtfh5XYijIjalXck7saUtuanSDyLMxnHhSXEDJqHxD7msR8D0uCmqlkwjCV8xvwHw==

fdir@^6.5.0:
  version "6.5.0"
  resolved "https://registry.yarnpkg.com/fdir/-/fdir-6.5.0.tgz#ed2ab967a331ade62f18d077dae192684d50d350"
  integrity sha512-tIbYtZbucOs0BRGqPJkshJUYdL+SDH7dVM8gjy+ERp3WAUjLEFJE+02kanyHtwjWOnwrKYBiwAmM0p4kLJAnXg==

flatted@^3.3.3:
  version "3.3.3"
  resolved "https://registry.yarnpkg.com/flatted/-/flatted-3.3.3.tgz#67c8fad95454a7c7abebf74bb78ee74a44023358"
  integrity sha512-GX+ysw4PBCz0PzosHDepZGANEuFCMLrnRTiEy9McGjmkCQYwRq4A/X786G/fjM/+OjsWSU1ZrY5qyARZmO/uwg==

fs.realpath@^1.0.0:
  version "1.0.0"
  resolved "https://registry.yarnpkg.com/fs.realpath/-/fs.realpath-1.0.0.tgz#1504ad2523158caa40db4a2787cb01411994ea4f"
  integrity sha1-FQStJSMVjKpA20onh8sBQRmU6k8=

gensequence@^8.0.8:
  version "8.0.8"
  resolved "https://registry.yarnpkg.com/gensequence/-/gensequence-8.0.8.tgz#381a46bef4b1c26f6aff2b291ce9cd417d363fb1"
  integrity sha512-omMVniXEXpdx/vKxGnPRoO2394Otlze28TyxECbFVyoSpZ9H3EO7lemjcB12OpQJzRW4e5tt/dL1rOxry6aMHg==

get-stdin@~9.0.0:
  version "9.0.0"
  resolved "https://registry.yarnpkg.com/get-stdin/-/get-stdin-9.0.0.tgz#3983ff82e03d56f1b2ea0d3e60325f39d703a575"
  integrity sha512-dVKBjfWisLAicarI2Sf+JuBE/DghV4UzNAVe9yhEJuzeREd3JhOTE9cUaJTeSa77fsbQUK3pcOpJfM59+VKZaA==

glob@~8.0.3:
  version "8.0.3"
  resolved "https://registry.yarnpkg.com/glob/-/glob-8.0.3.tgz#415c6eb2deed9e502c68fa44a272e6da6eeca42e"
  integrity sha512-ull455NHSHI/Y1FqGaaYFaLGkNMMJbavMrEGFXG/PGrg6y7sutWHUHrz6gy6WEBH6akM1M414dWKCNs+IhKdiQ==
  dependencies:
    fs.realpath "^1.0.0"
    inflight "^1.0.4"
    inherits "2"
    minimatch "^5.0.1"
    once "^1.3.0"

global-directory@^4.0.1:
  version "4.0.1"
  resolved "https://registry.yarnpkg.com/global-directory/-/global-directory-4.0.1.tgz#4d7ac7cfd2cb73f304c53b8810891748df5e361e"
  integrity sha512-wHTUcDUoZ1H5/0iVqEudYW4/kAlN5cZ3j/bXn0Dpbizl9iaUVeWSHqiOjsgk6OW2bkLclbBjzewBz6weQ1zA2Q==
  dependencies:
    ini "4.1.1"

ignore@~5.2.4:
  version "5.2.4"
  resolved "https://registry.yarnpkg.com/ignore/-/ignore-5.2.4.tgz#a291c0c6178ff1b960befe47fcdec301674a6324"
  integrity sha512-MAb38BcSbH0eHNBxn7ql2NH/kX33OkB3lZ1BNdh7ENeRChHTYsTvWrMubiIAMNS2llXEEgZ1MUOBtXChP3kaFQ==

import-fresh@^3.3.1:
  version "3.3.1"
  resolved "https://registry.yarnpkg.com/import-fresh/-/import-fresh-3.3.1.tgz#9cecb56503c0ada1f2741dbbd6546e4b13b57ccf"
  integrity sha512-TR3KfrTZTYLPB6jUjfx6MF9WcWrHL9su5TObK4ZkYgBdWKPOFoSoQIdEuTuR82pmtxH2spWG9h6etwfr1pLBqQ==
  dependencies:
    parent-module "^1.0.0"
    resolve-from "^4.0.0"

import-meta-resolve@^4.2.0:
  version "4.2.0"
  resolved "https://registry.yarnpkg.com/import-meta-resolve/-/import-meta-resolve-4.2.0.tgz#08cb85b5bd37ecc8eb1e0f670dc2767002d43734"
  integrity sha512-Iqv2fzaTQN28s/FwZAoFq0ZSs/7hMAHJVX+w8PZl3cY19Pxk6jFFalxQoIfW2826i/fDLXv8IiEZRIT0lDuWcg==

inflight@^1.0.4:
  version "1.0.6"
  resolved "https://registry.yarnpkg.com/inflight/-/inflight-1.0.6.tgz#49bd6331d7d02d0c09bc910a1075ba8165b56df9"
  integrity sha1-Sb1jMdfQLQwJvJEKEHW6gWW1bfk=
  dependencies:
    once "^1.3.0"
    wrappy "1"

inherits@2:
  version "2.0.4"
  resolved "https://registry.yarnpkg.com/inherits/-/inherits-2.0.4.tgz#0fa2c64f932917c3433a0ded55363aae37416b7c"
  integrity sha512-k/vGaX4/Yla3WzyMCvTQOXYeIHvqOKtnqBduzTHpzpQZzAskKMhZ2K+EnBiSM9zGSoIFeMpXKxa4dYeZIQqewQ==

ini@4.1.1:
  version "4.1.1"
  resolved "https://registry.yarnpkg.com/ini/-/ini-4.1.1.tgz#d95b3d843b1e906e56d6747d5447904ff50ce7a1"
  integrity sha512-QQnnxNyfvmHFIsj7gkPcYymR8Jdw/o7mp5ZFihxn6h8Ci6fh3Dx4E1gPjpQEpIuPo9XVNY/ZUwh4BPMjGyL01g==

ini@~3.0.0:
  version "3.0.0"
  resolved "https://registry.yarnpkg.com/ini/-/ini-3.0.0.tgz#2f6de95006923aa75feed8894f5686165adc08f1"
  integrity sha512-TxYQaeNW/N8ymDvwAxPyRbhMBtnEwuvaTYpOQkFx1nSeusgezHniEc/l35Vo4iCq/mMiTJbpD7oYxN98hFlfmw==

js-yaml@^4.1.0:
  version "4.1.1"
  resolved "https://registry.yarnpkg.com/js-yaml/-/js-yaml-4.1.1.tgz#854c292467705b699476e1a2decc0c8a3458806b"
  integrity sha512-qQKT4zQxXl8lLwBtHMWwaTcGfFOZviOJet3Oy/xmGk2gZH677CJM9EvtfdSkgWcATZhj/55JZ0rmy3myCT5lsA==
  dependencies:
    argparse "^2.0.1"

jsonc-parser@~3.2.0:
  version "3.2.0"
  resolved "https://registry.yarnpkg.com/jsonc-parser/-/jsonc-parser-3.2.0.tgz#31ff3f4c2b9793f89c67212627c51c6394f88e76"
  integrity sha512-gfFQZrcTc8CnKXp6Y4/CBT3fTc0OVuDofpre4aEeEpSBPV5X5v4+Vmx+8snU7RLPrNHPKSgLxGo9YuQzz20o+w==

linkify-it@^4.0.1:
  version "4.0.1"
  resolved "https://registry.yarnpkg.com/linkify-it/-/linkify-it-4.0.1.tgz#01f1d5e508190d06669982ba31a7d9f56a5751ec"
  integrity sha512-C7bfi1UZmoj8+PQx22XyeXCuBlokoyWQL5pWSP+EI6nzRylyThouddufc2c1NDIcP9k5agmN9fLpA7VNJfIiqw==
  dependencies:
    uc.micro "^1.0.1"

markdown-it@13.0.1:
  version "13.0.1"
  resolved "https://registry.yarnpkg.com/markdown-it/-/markdown-it-13.0.1.tgz#c6ecc431cacf1a5da531423fc6a42807814af430"
  integrity sha512-lTlxriVoy2criHP0JKRhO2VDG9c2ypWCsT237eDiLqi09rmbKoUetyGHq2uOIRoRS//kfoJckS0eUzzkDR+k2Q==
  dependencies:
    argparse "^2.0.1"
    entities "~3.0.1"
    linkify-it "^4.0.1"
    mdurl "^1.0.1"
    uc.micro "^1.0.5"

markdownlint-cli@^0.33.0:
  version "0.33.0"
  resolved "https://registry.yarnpkg.com/markdownlint-cli/-/markdownlint-cli-0.33.0.tgz#703af1234c32c309ab52fcd0e8bc797a34e2b096"
  integrity sha512-zMK1oHpjYkhjO+94+ngARiBBrRDEUMzooDHBAHtmEIJ9oYddd9l3chCReY2mPlecwH7gflQp1ApilTo+o0zopQ==
  dependencies:
    commander "~9.4.1"
    get-stdin "~9.0.0"
    glob "~8.0.3"
    ignore "~5.2.4"
    js-yaml "^4.1.0"
    jsonc-parser "~3.2.0"
    markdownlint "~0.27.0"
    minimatch "~5.1.2"
    run-con "~1.2.11"

markdownlint@~0.27.0:
  version "0.27.0"
  resolved "https://registry.yarnpkg.com/markdownlint/-/markdownlint-0.27.0.tgz#9dabf7710a4999e2835e3c68317f1acd0bc89049"
  integrity sha512-HtfVr/hzJJmE0C198F99JLaeada+646B5SaG2pVoEakLFI6iRGsvMqrnnrflq8hm1zQgwskEgqSnhDW11JBp0w==
  dependencies:
    markdown-it "13.0.1"

mdurl@^1.0.1:
  version "1.0.1"
  resolved "https://registry.yarnpkg.com/mdurl/-/mdurl-1.0.1.tgz#fe85b2ec75a59037f2adfec100fd6c601761152e"
  integrity sha1-/oWy7HWlkDfyrf7BAP1sYBdhFS4=

minimatch@^5.0.1, minimatch@~5.1.2:
  version "5.1.2"
  resolved "https://registry.yarnpkg.com/minimatch/-/minimatch-5.1.2.tgz#0939d7d6f0898acbd1508abe534d1929368a8fff"
  integrity sha512-bNH9mmM9qsJ2X4r2Nat1B//1dJVcn3+iBLa3IgqJ7EbGaDNepL9QSHOxN4ng33s52VMMhhIfgCYDk3C4ZmlDAg==
  dependencies:
    brace-expansion "^2.0.1"

minimist@^1.2.6:
  version "1.2.6"
  resolved "https://registry.yarnpkg.com/minimist/-/minimist-1.2.6.tgz#8637a5b759ea0d6e98702cfb3a9283323c93af44"
  integrity sha512-Jsjnk4bw3YJqYzbdyBiNsPWHPfO++UGG749Cxs6peCu5Xg4nrena6OVxOYxrQTqww0Jmwt+Ref8rggumkTLz9Q==

once@^1.3.0:
  version "1.4.0"
  resolved "https://registry.yarnpkg.com/once/-/once-1.4.0.tgz#583b1aa775961d4b113ac17d9c50baef9dd76bd1"
  integrity sha1-WDsap3WWHUsROsF9nFC6753Xa9E=
  dependencies:
    wrappy "1"

parent-module@^1.0.0:
  version "1.0.1"
  resolved "https://registry.yarnpkg.com/parent-module/-/parent-module-1.0.1.tgz#691d2709e78c79fae3a156622452d00762caaaa2"
  integrity sha512-GQ2EWRpQV8/o+Aw8YqtfZZPfNRWZYkbidE9k5rpl/hC3vtHHBfGm2Ifi6qWV+coDGkrUKZAxE3Lot5kcsRlh+g==
  dependencies:
    callsites "^3.0.0"

parent-module@^2.0.0:
  version "2.0.0"
  resolved "https://registry.yarnpkg.com/parent-module/-/parent-module-2.0.0.tgz#fa71f88ff1a50c27e15d8ff74e0e3a9523bf8708"
  integrity sha512-uo0Z9JJeWzv8BG+tRcapBKNJ0dro9cLyczGzulS6EfeyAdeC9sbojtW6XwvYxJkEne9En+J2XEl4zyglVeIwFg==
  dependencies:
    callsites "^3.1.0"

picomatch@^4.0.3:
  version "4.0.3"
  resolved "https://registry.yarnpkg.com/picomatch/-/picomatch-4.0.3.tgz#796c76136d1eead715db1e7bad785dedd695a042"
  integrity sha512-5gTmgEY/sqK6gFXLIsQNH19lWb4ebPDLA4SdLP7dsWkIXHWlG66oPuVvXSGFPppYZz8ZDZq0dYYrbHfBCVUb1Q==

resolve-from@^4.0.0:
  version "4.0.0"
  resolved "https://registry.yarnpkg.com/resolve-from/-/resolve-from-4.0.0.tgz#4abcd852ad32dd7baabfe9b40e00a36db5f392e6"
  integrity sha512-pb/MYmXstAkysRFx8piNI1tGFNQIFA3vkE3Gq4EuA1dF6gHp/+vgZqsCGJapvy8N3Q+4o7FwvquPJcnZ7RYy4g==

resolve-from@^5.0.0:
  version "5.0.0"
  resolved "https://registry.yarnpkg.com/resolve-from/-/resolve-from-5.0.0.tgz#c35225843df8f776df21c57557bc087e9dfdfc69"
  integrity sha512-qYg9KP24dD5qka9J47d0aVky0N+b4fTU89LN9iDnjB5waksiC49rvMB0PrUJQGoTmH50XPiqOvAjDfaijGxYZw==

run-con@~1.2.11:
  version "1.2.11"
  resolved "https://registry.yarnpkg.com/run-con/-/run-con-1.2.11.tgz#0014ed430bad034a60568dfe7de2235f32e3f3c4"
  integrity sha512-NEMGsUT+cglWkzEr4IFK21P4Jca45HqiAbIIZIBdX5+UZTB24Mb/21iNGgz9xZa8tL6vbW7CXmq7MFN42+VjNQ==
  dependencies:
    deep-extend "^0.6.0"
    ini "~3.0.0"
    minimist "^1.2.6"
    strip-json-comments "~3.1.1"

semver@^7.7.3:
  version "7.7.3"
  resolved "https://registry.yarnpkg.com/semver/-/semver-7.7.3.tgz#4b5f4143d007633a8dc671cd0a6ef9147b8bb946"
  integrity sha512-SdsKMrI9TdgjdweUSR9MweHA4EJ8YxHn8DFaDisvhVlUOe4BF1tLD7GAj0lIqWVl+dPb/rExr0Btby5loQm20Q==

smol-toml@^1.5.2:
  version "1.5.2"
  resolved "https://registry.yarnpkg.com/smol-toml/-/smol-toml-1.5.2.tgz#70d4324d47b7cccbc67d611829c9b3f6d528b02f"
  integrity sha512-QlaZEqcAH3/RtNyet1IPIYPsEWAaYyXXv1Krsi+1L/QHppjX4Ifm8MQsBISz9vE8cHicIq3clogsheili5vhaQ==

strip-json-comments@~3.1.1:
  version "3.1.1"
  resolved "https://registry.yarnpkg.com/strip-json-comments/-/strip-json-comments-3.1.1.tgz#31f1281b3832630434831c310c01cccda8cbe006"
  integrity sha512-6fPc+R4ihwqP6N/aIv2f1gMH8lOVtWQHoqC4yK6oSDVVocumAsfCqjkXnqiYMhmMwS/mEHLp7Vehlt3ql6lEig==

tinyglobby@^0.2.15:
  version "0.2.15"
  resolved "https://registry.yarnpkg.com/tinyglobby/-/tinyglobby-0.2.15.tgz#e228dd1e638cea993d2fdb4fcd2d4602a79951c2"
  integrity sha512-j2Zq4NyQYG5XMST4cbs02Ak8iJUdxRM0XI5QyxXuZOzKOINmWurp3smXu3y5wDcJrptwpSjgXHzIQxR0omXljQ==
  dependencies:
    fdir "^6.5.0"
    picomatch "^4.0.3"

uc.micro@^1.0.1, uc.micro@^1.0.5:
  version "1.0.6"
  resolved "https://registry.yarnpkg.com/uc.micro/-/uc.micro-1.0.6.tgz#9c411a802a409a91fc6cf74081baba34b24499ac"
  integrity sha512-8Y75pvTYkLJW2hWQHXxoqRgV7qb9B+9vFEtidML+7koHUFapnVJAZ6cKs+Qjz5Aw3aZWHMC6u0wJE3At+nSGwA==

vscode-languageserver-textdocument@^1.0.12:
  version "1.0.12"
  resolved "https://registry.yarnpkg.com/vscode-languageserver-textdocument/-/vscode-languageserver-textdocument-1.0.12.tgz#457ee04271ab38998a093c68c2342f53f6e4a631"
  integrity sha512-cxWNPesCnQCcMPeenjKKsOCKQZ/L6Tv19DTRIGuLWe32lyzWhihGVJ/rcckZXJxfdKCFvRLS3fpBIsV/ZGX4zA==

vscode-uri@^3.1.0:
  version "3.1.0"
  resolved "https://registry.yarnpkg.com/vscode-uri/-/vscode-uri-3.1.0.tgz#dd09ec5a66a38b5c3fffc774015713496d14e09c"
  integrity sha512-/BpdSx+yCQGnCvecbyXdxHDkuk55/G3xwnC0GqY4gmQ3j+A+g8kzzgB4Nk/SINjqn6+waqw3EgbVF2QKExkRxQ==

wrappy@1:
  version "1.0.2"
  resolved "https://registry.yarnpkg.com/wrappy/-/wrappy-1.0.2.tgz#b5243d8f3ec1aa35f1364605bc0d1036e30ab69f"
  integrity sha1-tSQ9jz7BqjXxNkYFvA0QNuMKtp8=

xdg-basedir@^5.1.0:
  version "5.1.0"
  resolved "https://registry.yarnpkg.com/xdg-basedir/-/xdg-basedir-5.1.0.tgz#1efba19425e73be1bc6f2a6ceb52a3d2c884c0c9"
  integrity sha512-GCPAHLvrIH13+c0SuacwvRYj2SxJXQ4kaVTT5xgL3kPrz56XxkF21IGhjSE1+W0aw7gpBWRGXLCPnPby6lSpmQ==

yaml@^2.8.2:
  version "2.8.2"
  resolved "https://registry.yarnpkg.com/yaml/-/yaml-2.8.2.tgz#5694f25eca0ce9c3e7a9d9e00ce0ddabbd9e35c5"
  integrity sha512-mplynKqc1C2hTVYxd0PU2xQAc22TI1vShAYGksCCfxbn/dFwnHTNi1bvYsBTkhdUNtGIf5xNOg938rrSSYvS9A==
