# THIS IS AN AUTOGENERATED FILE. DO NOT EDIT THIS FILE DIRECTLY.
# yarn lockfile v1


"@cspell/cspell-bundled-dicts@10.3.0":
  version "10.3.0"
  resolved "https://registry.yarnpkg.com/@cspell/cspell-bundled-dicts/-/cspell-bundled-dicts-10.3.0.tgz#e0c7d8175df7c5a4878f7da0279befd0bd1a045f"
  integrity sha512-gwJ5MWMLDFMIaZdzI8NJgzoq9cYC8CKhKRxvoyF2gc7mCRJokYDPjYrnZFvvkpYWpun1OdQ2drRpU7ZkxFGMpQ==
  dependencies:
    "@cspell/dict-ada" "^4.1.1"
    "@cspell/dict-al" "^1.1.1"
    "@cspell/dict-aws" "^4.0.17"
    "@cspell/dict-bash" "^4.2.3"
    "@cspell/dict-companies" "^3.2.12"
    "@cspell/dict-cpp" "^7.1.0"
    "@cspell/dict-cryptocurrencies" "^5.0.5"
    "@cspell/dict-csharp" "^4.0.8"
    "@cspell/dict-css" "^4.1.2"
    "@cspell/dict-dart" "^2.3.2"
    "@cspell/dict-data-science" "^2.0.16"
    "@cspell/dict-django" "^4.1.6"
    "@cspell/dict-docker" "^1.1.17"
    "@cspell/dict-dotnet" "^5.0.13"
    "@cspell/dict-elixir" "^4.0.8"
    "@cspell/dict-en-common-misspellings" "^2.2.0"
    "@cspell/dict-en-gb-mit" "^3.1.26"
    "@cspell/dict-en_us" "^4.4.37"
    "@cspell/dict-filetypes" "^3.0.18"
    "@cspell/dict-flutter" "^1.1.1"
    "@cspell/dict-fonts" "^4.0.6"
    "@cspell/dict-fsharp" "^1.1.1"
    "@cspell/dict-fullstack" "^3.2.9"
    "@cspell/dict-gaming-terms" "^1.1.2"
    "@cspell/dict-git" "^3.1.0"
    "@cspell/dict-golang" "^6.0.27"
    "@cspell/dict-google" "^1.0.9"
    "@cspell/dict-haskell" "^4.0.6"
    "@cspell/dict-html" "^4.0.16"
    "@cspell/dict-html-symbol-entities" "^4.0.5"
    "@cspell/dict-java" "^5.0.12"
    "@cspell/dict-julia" "^1.1.1"
    "@cspell/dict-k8s" "^1.0.13"
    "@cspell/dict-kotlin" "^1.1.1"
    "@cspell/dict-latex" "^5.1.0"
    "@cspell/dict-lorem-ipsum" "^4.0.5"
    "@cspell/dict-lua" "^4.0.8"
    "@cspell/dict-makefile" "^1.0.5"
    "@cspell/dict-markdown" "^2.0.18"
    "@cspell/dict-monkeyc" "^1.1.0"
    "@cspell/dict-node" "^5.0.9"
    "@cspell/dict-npm" "^5.2.48"
    "@cspell/dict-php" "^4.1.1"
    "@cspell/dict-powershell" "^5.0.15"
    "@cspell/dict-public-licenses" "^2.0.16"
    "@cspell/dict-python" "^4.5.0"
    "@cspell/dict-r" "^2.1.1"
    "@cspell/dict-ruby" "^5.1.2"
    "@cspell/dict-rust" "^4.1.2"
    "@cspell/dict-scala" "^5.0.9"
    "@cspell/dict-shell" "^1.2.0"
    "@cspell/dict-software-terms" "^5.4.2"
    "@cspell/dict-sql" "^2.2.1"
    "@cspell/dict-svelte" "^1.0.7"
    "@cspell/dict-swift" "^2.0.6"
    "@cspell/dict-terraform" "^1.1.4"
    "@cspell/dict-typescript" "^3.2.3"
    "@cspell/dict-vue" "^3.0.5"
    "@cspell/dict-zig" "^1.0.0"

"@cspell/cspell-json-reporter@10.3.0":
  version "10.3.0"
  resolved "https://registry.yarnpkg.com/@cspell/cspell-json-reporter/-/cspell-json-reporter-10.3.0.tgz#e353f14d453625302d0bb8762f7493136d98d34d"
  integrity sha512-mXjxcKPrWQ8ggoft2ayBJ8HPKj/GxQqRhT7JABkBO6ez4DTHbmZU2QmvbseJ2UKqvy3oJqtRz3K9vMN35pryAA==
  dependencies:
    "@cspell/cspell-types" "10.3.0"

"@cspell/cspell-performance-monitor@10.3.0":
  version "10.3.0"
  resolved "https://registry.yarnpkg.com/@cspell/cspell-performance-monitor/-/cspell-performance-monitor-10.3.0.tgz#cbd01b057cec84c35d98fa0e160c45c9ad7d099b"
  integrity sha512-HX6VNVnWGVmQGH9uF3vMKxbmRYdAXfZtZ15b+GFuXQ+n4yp9j8Ni96TzZdOGTWzA/cjOj5i5VU2Q2/b5f+gyDA==

"@cspell/cspell-pipe@10.3.0":
  version "10.3.0"
  resolved "https://registry.yarnpkg.com/@cspell/cspell-pipe/-/cspell-pipe-10.3.0.tgz#abe0ca8dd49d7441050143e85915511848aeaab8"
  integrity sha512-lR8EPQz2TADsTVYHdQekUFkWAFnbK/2MEx/VlYHUwayeqdDF3/mbtQWzU7KRBUXLtmO+GjJ3YaWD16CwLmjcMA==

"@cspell/cspell-resolver@10.3.0":
  version "10.3.0"
  resolved "https://registry.yarnpkg.com/@cspell/cspell-resolver/-/cspell-resolver-10.3.0.tgz#e4e009c5e990db34a8c134ebe11267f73434cc50"
  integrity sha512-lAXZ/MYzigeLDCqCsfmhWP52suZL3OrK5XuuxEFqygiUDrVPhIjb3BHorQ5/JtJkIIe2NRgqa7qvGW8fjh6F7A==
  dependencies:
    global-directory "^5.0.0"

"@cspell/cspell-service-bus@10.3.0":
  version "10.3.0"
  resolved "https://registry.yarnpkg.com/@cspell/cspell-service-bus/-/cspell-service-bus-10.3.0.tgz#747340d009f54c6b7a679441577a8518e0cc1e77"
  integrity sha512-sngaSRBEfXEziDO/s8oCzC8AUQRqlTuPtsl1VJQpO+vU9AL/3bCmr+z/JyP+MYzt4nXZVzl1yh/eAVtqfmmfDg==

"@cspell/cspell-types@10.3.0":
  version "10.3.0"
  resolved "https://registry.yarnpkg.com/@cspell/cspell-types/-/cspell-types-10.3.0.tgz#59c52dcced0c5c4969d5428477e6ddb52dea0297"
  integrity sha512-xbBuCGaXFAINdrGzUqBOfIKYA74AMNBud+t3PlJXqg+8sHJU2PARiXo0GiaAOCf7QBLzPBpYpC5jZW96iH3/7Q==

"@cspell/cspell-worker@10.3.0":
  version "10.3.0"
  resolved "https://registry.yarnpkg.com/@cspell/cspell-worker/-/cspell-worker-10.3.0.tgz#318d052655667a0cc1db373888bb302659018dc0"
  integrity sha512-3yKt+UvqdEwEdMLBxifOiwm2Au4Kz3Qf88YXhJOMGYjS+uv6YS16l1pYQftMARy4oTjmp2uDxrKK89yXdrZ71g==
  dependencies:
    cspell-lib "10.3.0"

"@cspell/dict-ada@^4.1.1":
  version "4.1.1"
  resolved "https://registry.yarnpkg.com/@cspell/dict-ada/-/dict-ada-4.1.1.tgz#78c0c9916e8c96cd38908c02b0c4979f9622c650"
  integrity sha512-E+0YW9RhZod/9Qy2gxfNZiHJjCYFlCdI69br1eviQQWB8yOTJX0JHXLs79kOYhSW0kINPVUdvddEBe6Lu6CjGQ==

"@cspell/dict-al@^1.1.1":
  version "1.1.1"
  resolved "https://registry.yarnpkg.com/@cspell/dict-al/-/dict-al-1.1.1.tgz#d6581e7801daa0f4e7512d3431e7f00c1e7d53e1"
  integrity sha512-sD8GCaZetgQL4+MaJLXqbzWcRjfKVp8x+px3HuCaaiATAAtvjwUQ5/Iubiqwfd1boIh2Y1/3EgM3TLQ7Q8e0wQ==

"@cspell/dict-aws@^4.0.17":
  version "4.0.17"
  resolved "https://registry.yarnpkg.com/@cspell/dict-aws/-/dict-aws-4.0.17.tgz#73dba92ce69868babe114d6e436a5e4dd45b6c6c"
  integrity sha512-ORcblTWcdlGjIbWrgKF+8CNEBQiLVKdUOFoTn0KPNkAYnFcdPP0muT4892h7H4Xafh3j72wqB4/loQ6Nti9E/w==

"@cspell/dict-bash@^4.2.3":
  version "4.2.3"
  resolved "https://registry.yarnpkg.com/@cspell/dict-bash/-/dict-bash-4.2.3.tgz#43d62dfa879ed6c5941d20ca6655b24392aea388"
  integrity sha512-ljUZoKHbDqw5Sx0qpL2qTUlmkmr+vhZH/sCNrNaBZKTbdgiswErSnIF1jRbGmEitJNxHRHWsuZyVgnTGfVO1Yw==
  dependencies:
    "@cspell/dict-shell" "1.2.0"

"@cspell/dict-companies@^3.2.12":
  version "3.2.13"
  resolved "https://registry.yarnpkg.com/@cspell/dict-companies/-/dict-companies-3.2.13.tgz#477a36ee57dfb0a7aa09daf21bf8884d6aa50f3b"
  integrity sha512-mBJeYzCkiiWgNQxKg7zyQOpFPwcXO4IAzXGbOEFfcQ4Q0G5Fa7Kqd8z+gvnvSK7NPWKJaFmiApC6I0cka02qmQ==

"@cspell/dict-cpp@^7.1.0":
  version "7.1.2"
  resolved "https://registry.yarnpkg.com/@cspell/dict-cpp/-/dict-cpp-7.1.2.tgz#cb34c1edbeb824d05ce6eac3aa9e72d421590015"
  integrity sha512-bkR33oE+ToyD1hwSV4XeEUB9oDkizHRX03CrQfj23tX4VUVbie5vkEHzlKVhcw/Q+fO2dtV/Vz4f6O5M4a2iZQ==

"@cspell/dict-cryptocurrencies@^5.0.5":
  version "5.0.5"
  resolved "https://registry.yarnpkg.com/@cspell/dict-cryptocurrencies/-/dict-cryptocurrencies-5.0.5.tgz#843a6ac45216227f5436c442a8683c1571e57160"
  integrity sha512-R68hYYF/rtlE6T/dsObStzN5QZw+0aQBinAXuWCVqwdS7YZo0X33vGMfChkHaiCo3Z2+bkegqHlqxZF4TD3rUA==

"@cspell/dict-csharp@^4.0.8":
  version "4.0.8"
  resolved "https://registry.yarnpkg.com/@cspell/dict-csharp/-/dict-csharp-4.0.8.tgz#27f6d5873f4dde77c03c78bb7d3c51bc8d8d78c1"
  integrity sha512-qmk45pKFHSxckl5mSlbHxmDitSsGMlk/XzFgt7emeTJWLNSTUK//MbYAkBNRtfzB4uD7pAFiKgpKgtJrTMRnrQ==

"@cspell/dict-css@^4.1.2":
  version "4.1.2"
  resolved "https://registry.yarnpkg.com/@cspell/dict-css/-/dict-css-4.1.2.tgz#d913cee821acf75616d1298d152341638ef3d85d"
  integrity sha512-+ylGoKdwZ2sVOCOnU2Eq5wDZx+RaVX3HoKyNHGGsFvhSw6IidQ6tH/mAPKBDofViHJoWCPNlklE0lTr6MDG3QA==

"@cspell/dict-dart@^2.3.2":
  version "2.3.2"
  resolved "https://registry.yarnpkg.com/@cspell/dict-dart/-/dict-dart-2.3.2.tgz#aae782dcf6c673857945b9bbe03beeaa79649222"
  integrity sha512-sUiLW56t9gfZcu8iR/5EUg+KYyRD83Cjl3yjDEA2ApVuJvK1HhX+vn4e4k4YfjpUQMag8XO2AaRhARE09+/rqw==

"@cspell/dict-data-science@^2.0.16":
  version "2.0.16"
  resolved "https://registry.yarnpkg.com/@cspell/dict-data-science/-/dict-data-science-2.0.16.tgz#370d4fdfcfaadb7176b6ca47e2e8603166e1c4a1"
  integrity sha512-M72mxv5asuAnORurz4iXRJ+Tw9XBq6eu7D2Ne7biP0Z1RciKGNxXWu9JycA/KlVvK1hAlKj/fANlXhuEWpXKFg==

"@cspell/dict-django@^4.1.6":
  version "4.1.6"
  resolved "https://registry.yarnpkg.com/@cspell/dict-django/-/dict-django-4.1.6.tgz#a92408ba8971ca3df3c602b9e3750a14be69a8f6"
  integrity sha512-SdbSFDGy9ulETqNz15oWv2+kpWLlk8DJYd573xhIkeRdcXOjskRuxjSZPKfW7O3NxN/KEf3gm3IevVOiNuFS+w==

"@cspell/dict-docker@^1.1.17":
  version "1.1.17"
  resolved "https://registry.yarnpkg.com/@cspell/dict-docker/-/dict-docker-1.1.17.tgz#8674b3613dfa9c7d2922f6ec29ff845cb16e6650"
  integrity sha512-OcnVTIpHIYYKhztNTyK8ShAnXTfnqs43hVH6p0py0wlcwRIXe5uj4f12n7zPf2CeBI7JAlPjEsV0Rlf4hbz/xQ==

"@cspell/dict-dotnet@^5.0.13":
  version "5.0.15"
  resolved "https://registry.yarnpkg.com/@cspell/dict-dotnet/-/dict-dotnet-5.0.15.tgz#974901270c226f7660e33dfed79bc1e2bb1ddd09"
  integrity sha512-j2MUKPlzMeDy/mnb1EjmtkX8e6VzZdw60Qyf6vPlp7WZhUwwp2LBlKOWx7+hASjP6k4a0nDpmn77G+4upxvbZA==

"@cspell/dict-elixir@^4.0.8":
  version "4.0.8"
  resolved "https://registry.yarnpkg.com/@cspell/dict-elixir/-/dict-elixir-4.0.8.tgz#c1b2a30d0fc654a001f718f196beb60c01e0e1f6"
  integrity sha512-CyfphrbMyl4Ms55Vzuj+mNmd693HjBFr9hvU+B2YbFEZprE5AG+EXLYTMRWrXbpds4AuZcvN3deM2XVB80BN/Q==

"@cspell/dict-en-common-misspellings@^2.2.0":
  version "2.2.2"
  resolved "https://registry.yarnpkg.com/@cspell/dict-en-common-misspellings/-/dict-en-common-misspellings-2.2.2.tgz#594c16a1430ca5846a79a5459ff8b4cb06622887"
  integrity sha512-gu0zS7nm0jgVA2EswgWOR8od8wbNYVgcGzo0pGaDqcSkKS4WhABehLOwbyI0NIEVB+ME6SmckLVGk7g+VD1C6A==

"@cspell/dict-en-gb-mit@^3.1.26":
  version "3.1.28"
  resolved "https://registry.yarnpkg.com/@cspell/dict-en-gb-mit/-/dict-en-gb-mit-3.1.28.tgz#d5ce61111dd81955954c7202f7d5f6a680220da1"
  integrity sha512-d0mILaE+5E1i9VmoOoTbW6UgqOvaGH/pLGLslUKRCHLGyLQk2vOeVlkQs8j8y5fiAaiOl0q8PsrzsFJALSsoDQ==

"@cspell/dict-en_us@^4.4.37":
  version "4.4.39"
  resolved "https://registry.yarnpkg.com/@cspell/dict-en_us/-/dict-en_us-4.4.39.tgz#0dd21548473997c531f3d874d190fb86a22c97ea"
  integrity sha512-Boxy4sJsRIRFz/sc4A3pMZge20ZS4qoYbegHIjzcSy7NkNaHk8v11kqhETKeq8ecRVT1oz7MA4a4CyrQAlVQ/A==

"@cspell/dict-filetypes@^3.0.18":
  version "3.0.18"
  resolved "https://registry.yarnpkg.com/@cspell/dict-filetypes/-/dict-filetypes-3.0.18.tgz#b798a5321d8a4a254a9998920db4b91491e51ebf"
  integrity sha512-yU7RKD/x1IWmDLzWeiItMwgV+6bUcU/af23uS0+uGiFUbsY1qWV/D4rxlAAO6Z7no3J2z8aZOkYIOvUrJq0Rcw==

"@cspell/dict-flutter@^1.1.1":
  version "1.1.1"
  resolved "https://registry.yarnpkg.com/@cspell/dict-flutter/-/dict-flutter-1.1.1.tgz#fab57cf189a8012e870d2e1f21526b18345038d7"
  integrity sha512-UlOzRcH2tNbFhZmHJN48Za/2/MEdRHl2BMkCWZBYs+30b91mWvBfzaN4IJQU7dUZtowKayVIF9FzvLZtZokc5A==

"@cspell/dict-fonts@^4.0.6":
  version "4.0.6"
  resolved "https://registry.yarnpkg.com/@cspell/dict-fonts/-/dict-fonts-4.0.6.tgz#efdda213b4c876053aea51bafc7cd882c6379563"
  integrity sha512-aR/0csY01dNb0A1tw/UmN9rKgHruUxsYsvXu6YlSBJFu60s26SKr/k1o4LavpHTQ+lznlYMqAvuxGkE4Flliqw==

"@cspell/dict-fsharp@^1.1.1":
  version "1.1.1"
  resolved "https://registry.yarnpkg.com/@cspell/dict-fsharp/-/dict-fsharp-1.1.1.tgz#46414a8177b1c3373f1edb156df446088147cc22"
  integrity sha512-imhs0u87wEA4/cYjgzS0tAyaJpwG7vwtC8UyMFbwpmtw+/bgss+osNfyqhYRyS/ehVCWL17Ewx2UPkexjKyaBA==

"@cspell/dict-fullstack@^3.2.9":
  version "3.2.9"
  resolved "https://registry.yarnpkg.com/@cspell/dict-fullstack/-/dict-fullstack-3.2.9.tgz#e8baf9382b6006921684c9408dcad2c1de5ae4bc"
  integrity sha512-diZX+usW5aZ4/b2T0QM/H/Wl9aNMbdODa1Jq0ReBr/jazmNeWjd+PyqeVgzd1joEaHY+SAnjrf/i9CwKd2ZtWQ==

"@cspell/dict-gaming-terms@^1.1.2":
  version "1.1.2"
  resolved "https://registry.yarnpkg.com/@cspell/dict-gaming-terms/-/dict-gaming-terms-1.1.2.tgz#459aa470b43eacbd3cbf7b32bd5bbb259cb78812"
  integrity sha512-9XnOvaoTBscq0xuD6KTEIkk9hhdfBkkvJAIsvw3JMcnp1214OCGW8+kako5RqQ2vTZR3Tnf3pc57o7VgkM0q1Q==

"@cspell/dict-git@^3.1.0":
  version "3.1.0"
  resolved "https://registry.yarnpkg.com/@cspell/dict-git/-/dict-git-3.1.0.tgz#7ac48114425c74e0a1c00f154138cf81b04f250b"
  integrity sha512-KEt9zGkxqGy2q1nwH4CbyqTSv5nadpn8BAlDnzlRcnL0Xb3LX9xTgSGShKvzb0bw35lHoYyLWN2ZKAqbC4pgGQ==

"@cspell/dict-golang@^6.0.27":
  version "6.0.29"
  resolved "https://registry.yarnpkg.com/@cspell/dict-golang/-/dict-golang-6.0.29.tgz#0cc71602a0361019fe791aaca7cf70547e580084"
  integrity sha512-EZCgfxrr5lPnYQLmSvB6YtpfoDFt2KKxAD4ppq2xGSIgDFXAF7Mv4doiXIFUQaynCBIEfAMl3f/uDfrIUo4fyQ==

"@cspell/dict-google@^1.0.9":
  version "1.0.9"
  resolved "https://registry.yarnpkg.com/@cspell/dict-google/-/dict-google-1.0.9.tgz#5bf72aecf2ae8289bd2427245ca13ee77b39399c"
  integrity sha512-biL65POqialY0i4g6crj7pR6JnBkbsPovB2WDYkj3H4TuC/QXv7Pu5pdPxeUJA6TSCHI7T5twsO4VSVyRxD9CA==

"@cspell/dict-haskell@^4.0.6":
  version "4.0.6"
  resolved "https://registry.yarnpkg.com/@cspell/dict-haskell/-/dict-haskell-4.0.6.tgz#881436f944a6901cff8fab1af776277ca96f1b8c"
  integrity sha512-ib8SA5qgftExpYNjWhpYIgvDsZ/0wvKKxSP+kuSkkak520iPvTJumEpIE+qPcmJQo4NzdKMN8nEfaeci4OcFAQ==

"@cspell/dict-html-symbol-entities@^4.0.5":
  version "4.0.5"
  resolved "https://registry.yarnpkg.com/@cspell/dict-html-symbol-entities/-/dict-html-symbol-entities-4.0.5.tgz#cbdd8c133c7d649d32e10f48b58bd4a9304b5cb6"
  integrity sha512-429alTD4cE0FIwpMucvSN35Ld87HCyuM8mF731KU5Rm4Je2SG6hmVx7nkBsLyrmH3sQukTcr1GaiZsiEg8svPA==

"@cspell/dict-html@^4.0.16":
  version "4.0.16"
  resolved "https://registry.yarnpkg.com/@cspell/dict-html/-/dict-html-4.0.16.tgz#a68c37cb515465aaa68f5856f18cd71d421a15dd"
  integrity sha512-9B6/Cpb5YVcYgsEAlKudun1yd4ONllYS/ZibKLYea2apPR+l2vQdARnPrP9kTqa7NUNfRKl7m9Fb6k9rjimnow==

"@cspell/dict-java@^5.0.12":
  version "5.0.12"
  resolved "https://registry.yarnpkg.com/@cspell/dict-java/-/dict-java-5.0.12.tgz#869ab27a972c7c0854a7a4854b770c4cf941fb8b"
  integrity sha512-qPSNhTcl7LGJ5Qp6VN71H8zqvRQK04S08T67knMq9hTA8U7G1sTKzLmBaDOFhq17vNX/+rT+rbRYp+B5Nwza1A==

"@cspell/dict-julia@^1.1.1":
  version "1.1.1"
  resolved "https://registry.yarnpkg.com/@cspell/dict-julia/-/dict-julia-1.1.1.tgz#78601c0e9397c2cba1aecfcc01dcc0654c5d2b9a"
  integrity sha512-WylJR9TQ2cgwd5BWEOfdO3zvDB+L7kYFm0I9u0s9jKHWQ6yKmfKeMjU9oXxTBxIufhCXm92SKwwVNAC7gjv+yA==

"@cspell/dict-k8s@^1.0.13":
  version "1.0.13"
  resolved "https://registry.yarnpkg.com/@cspell/dict-k8s/-/dict-k8s-1.0.13.tgz#47e8bf35d8113a95c559de6867668d5dfb238aeb"
  integrity sha512-ELGkS13k7K/NEfVimBSrxVTfqXvOF/Kvxj4I62YxRm8bvHbfoXgrGaOx28lPiNRz+dmu+yYtvuXbnURKtYbC6g==

"@cspell/dict-kotlin@^1.1.1":
  version "1.1.1"
  resolved "https://registry.yarnpkg.com/@cspell/dict-kotlin/-/dict-kotlin-1.1.1.tgz#830d7b3d33685c0998ef5b922b0d7779f6669706"
  integrity sha512-J3NzzfgmxRvEeOe3qUXnSJQCd38i/dpF9/t3quuWh6gXM+krsAXP75dY1CzDmS8mrJAlBdVBeAW5eAZTD8g86Q==

"@cspell/dict-latex@^5.1.0":
  version "5.1.0"
  resolved "https://registry.yarnpkg.com/@cspell/dict-latex/-/dict-latex-5.1.0.tgz#c607cfb349ea73378ab5ae79592d389a3cc47c3e"
  integrity sha512-qxT4guhysyBt0gzoliXYEBYinkAdEtR2M7goRaUH0a7ltCsoqqAeEV8aXYRIdZGcV77gYSobvu3jJL038tlPAw==

"@cspell/dict-lorem-ipsum@^4.0.5":
  version "4.0.5"
  resolved "https://registry.yarnpkg.com/@cspell/dict-lorem-ipsum/-/dict-lorem-ipsum-4.0.5.tgz#0321cef57b09387ea3dbae1ecd52123da9ec810f"
  integrity sha512-9a4TJYRcPWPBKkQAJ/whCu4uCAEgv/O2xAaZEI0n4y1/l18Yyx8pBKoIX5QuVXjjmKEkK7hi5SxyIsH7pFEK9Q==

"@cspell/dict-lua@^4.0.8":
  version "4.0.8"
  resolved "https://registry.yarnpkg.com/@cspell/dict-lua/-/dict-lua-4.0.8.tgz#0bb1683212cdac2acb60483bd5c8970d62a41972"
  integrity sha512-N4PkgNDMu9JVsRu7JBS/3E/dvfItRgk9w5ga2dKq+JupP2Y3lojNaAVFhXISh4Y0a6qXDn2clA6nvnavQ/jjLA==

"@cspell/dict-makefile@^1.0.5":
  version "1.0.5"
  resolved "https://registry.yarnpkg.com/@cspell/dict-makefile/-/dict-makefile-1.0.5.tgz#fe6e7df2360ff694ef41c90a0d4b422e81f560ef"
  integrity sha512-4vrVt7bGiK8Rx98tfRbYo42Xo2IstJkAF4tLLDMNQLkQ86msDlYSKG1ZCk8Abg+EdNcFAjNhXIiNO+w4KflGAQ==

"@cspell/dict-markdown@^2.0.18":
  version "2.0.18"
  resolved "https://registry.yarnpkg.com/@cspell/dict-markdown/-/dict-markdown-2.0.18.tgz#caf7c4c96b914aa5c0e0e2ed10ca9c9f2c6a5603"
  integrity sha512-KLRSwVrwKDz4n7bl2XQjzvaBZbGgx5QKkP5Ok1b24xaO3TpXsLhAbAn1mItvFlI2tF6Rkt83iYjQcYppywuf5Q==

"@cspell/dict-monkeyc@^1.1.0":
  version "1.1.2"
  resolved "https://registry.yarnpkg.com/@cspell/dict-monkeyc/-/dict-monkeyc-1.1.2.tgz#c74fb80786215b9eb3b9c08cd60db09643bd4d86"
  integrity sha512-4VzwdSUVqyUVmAKAzMkVwVa7AkvSi1l1OHdQr58MWq4VR4NQDO8sVQSibd2PMxruXTkxJt9UwVQVHgaaVTiV1Q==

"@cspell/dict-node@^5.0.9":
  version "5.0.9"
  resolved "https://registry.yarnpkg.com/@cspell/dict-node/-/dict-node-5.0.9.tgz#ca894e62b85deaf2f55e9d9c86fdbb260ba923eb"
  integrity sha512-hO+ga+uYZ/WA4OtiMEyKt5rDUlUyu3nXMf8KVEeqq2msYvAPdldKBGH7lGONg6R/rPhv53Rb+0Y1SLdoK1+7wQ==

"@cspell/dict-npm@^5.2.48":
  version "5.2.49"
  resolved "https://registry.yarnpkg.com/@cspell/dict-npm/-/dict-npm-5.2.49.tgz#fd8adcd5719e2e6fa645e08f83a77d4e6fb3fd65"
  integrity sha512-7NoDyLcuzQKVA7pNt5vdtqpok9XJyYPxeL7FGzUTbYWi7SuTCk3QbFhoMiYoHSCc6C5G+NCI9xxWHMZnDflXlA==

"@cspell/dict-php@^4.1.1":
  version "4.1.3"
  resolved "https://registry.yarnpkg.com/@cspell/dict-php/-/dict-php-4.1.3.tgz#f4129ec5b4bed1ad7e1d9469baaf630b690f3a47"
  integrity sha512-41oKzl7rLVrrVZA/Gs0ESnP6KliEX7c+IwaaNmOL3PAoHasFDVEmIFeENIzuDdM12UcHT+MlLkAm3Qw/lS/ERA==

"@cspell/dict-powershell@^5.0.15":
  version "5.0.17"
  resolved "https://registry.yarnpkg.com/@cspell/dict-powershell/-/dict-powershell-5.0.17.tgz#f090e8b28c86d031b9c771dd2e3ac7c449ee99ec"
  integrity sha512-khOoIdBgKRk2scnr7888pf70yJ1Tr3RGdnYcAN0MJ2vtaNRKoOTCFc13gXUkNDHwEyhMI1h9oz3KsT180F2amw==

"@cspell/dict-public-licenses@^2.0.16":
  version "2.0.16"
  resolved "https://registry.yarnpkg.com/@cspell/dict-public-licenses/-/dict-public-licenses-2.0.16.tgz#8eb3c467c24526460543a24edf55a979a4f34f39"
  integrity sha512-EQRrPvEOmwhwWezV+W7LjXbIBjiy6y/shrET6Qcpnk3XANTzfvWflf9PnJ5kId/oKWvihFy0za0AV1JHd03pSQ==

"@cspell/dict-python@^4.5.0":
  version "4.5.2"
  resolved "https://registry.yarnpkg.com/@cspell/dict-python/-/dict-python-4.5.2.tgz#1c1f825275f316c6d4e90c8aea8a94eca6d8f37f"
  integrity sha512-CFcTDGN/ycn45WXC5ZZ06pG09WbGKMpPm1rkMuqMP98/jwjw3iiK8c0izWRd8x027n1rOZ9kJ8f9Sd+bQ22HJg==
  dependencies:
    "@cspell/dict-data-science" "^2.0.16"

"@cspell/dict-r@^2.1.1":
  version "2.1.1"
  resolved "https://registry.yarnpkg.com/@cspell/dict-r/-/dict-r-2.1.1.tgz#ace8d66799cae4148411bb6483d9c8a8a3c8a50f"
  integrity sha512-71Ka+yKfG4ZHEMEmDxc6+blFkeTTvgKbKAbwiwQAuKl3zpqs1Y0vUtwW2N4b3LgmSPhV3ODVY0y4m5ofqDuKMw==

"@cspell/dict-ruby@^5.1.2":
  version "5.1.4"
  resolved "https://registry.yarnpkg.com/@cspell/dict-ruby/-/dict-ruby-5.1.4.tgz#752a3a45771f42d7f3db490fd401f19a21c7ac2d"
  integrity sha512-Slw1dLY/pW5liJ5Fle+MIPphIdleZkIM6STDoXCN7sy298GfbfT34sJTcSZcXzZJVXiCEAvlLp+s1YNr6DuWNg==

"@cspell/dict-rust@^4.1.2":
  version "4.1.2"
  resolved "https://registry.yarnpkg.com/@cspell/dict-rust/-/dict-rust-4.1.2.tgz#6a151e72dc3be916c040111bba7358401ba57e15"
  integrity sha512-O1FHrumYcO+HZti3dHfBPUdnDFkI+nbYK3pxYmiM1sr+G0ebOd6qchmswS0Wsc6ZdEVNiPYJY/gZQR6jfW3uOg==

"@cspell/dict-scala@^5.0.9":
  version "5.0.11"
  resolved "https://registry.yarnpkg.com/@cspell/dict-scala/-/dict-scala-5.0.11.tgz#f1c4e76c8bc1642b3fe37c826d7643aeba946334"
  integrity sha512-+D59847Y61KZ0MBoXJzBMtOXfFhezEb6ShjvJlL7bnryyy6iBwAfozbz7OJAe+KrEpYm+GlVV7Wy4FmJSgxBag==

"@cspell/dict-shell@1.2.0", "@cspell/dict-shell@^1.2.0":
  version "1.2.0"
  resolved "https://registry.yarnpkg.com/@cspell/dict-shell/-/dict-shell-1.2.0.tgz#5702fe3f8fc8813448e98dcec9df9e34934b0f21"
  integrity sha512-PVctvT22lJ49niMiakO8xieY7ELCAzjSqhejWR7bAMb5AZ9F4WDEs+XdGMnoVHWeXq7K5rcepLPmEJb+37zzIw==

"@cspell/dict-software-terms@^5.4.2":
  version "5.4.4"
  resolved "https://registry.yarnpkg.com/@cspell/dict-software-terms/-/dict-software-terms-5.4.4.tgz#fcdecc6a43f65c67975e236cc2b2ef83af0dd00e"
  integrity sha512-GqZSRm3sm6fHVfNnvC9GGTBQpV6FzuCBRZuw7LBlaYXJyozmqGdj55T9iZ/Z7L567eMye4TzEEexkvdI0ylCJw==

"@cspell/dict-sql@^2.2.1":
  version "2.2.1"
  resolved "https://registry.yarnpkg.com/@cspell/dict-sql/-/dict-sql-2.2.1.tgz#7dd2f1da1c32d3837c98986ab65727bb94332597"
  integrity sha512-qDHF8MpAYCf4pWU8NKbnVGzkoxMNrFqBHyG/dgrlic5EQiKANCLELYtGlX5auIMDLmTf1inA0eNtv74tyRJ/vg==

"@cspell/dict-svelte@^1.0.7":
  version "1.0.7"
  resolved "https://registry.yarnpkg.com/@cspell/dict-svelte/-/dict-svelte-1.0.7.tgz#c2d9edabc34052b56f6b19754672d392caa315e0"
  integrity sha512-hGZsGqP0WdzKkdpeVLBivRuSNzOTvN036EBmpOwxH+FTY2DuUH7ecW+cSaMwOgmq5JFSdTcbTNFlNC8HN8lhaQ==

"@cspell/dict-swift@^2.0.6":
  version "2.0.6"
  resolved "https://registry.yarnpkg.com/@cspell/dict-swift/-/dict-swift-2.0.6.tgz#bd2f7684b6fbf287fe82c4ebc0736bb38170bd2c"
  integrity sha512-PnpNbrIbex2aqU1kMgwEKvCzgbkHtj3dlFLPMqW1vSniop7YxaDTtvTUO4zA++ugYAEL+UK8vYrBwDPTjjvSnA==

"@cspell/dict-terraform@^1.1.4":
  version "1.1.4"
  resolved "https://registry.yarnpkg.com/@cspell/dict-terraform/-/dict-terraform-1.1.4.tgz#92bffc6e6c507c44ccb2fed4e488eab36ee97f71"
  integrity sha512-Ere42ilvMFvQA4GlcN0OKlruMPR6EsvaB+iTHzj2xc+NJGRK64V7yApUcWrOrSgTiM/vhWXPIsK3OMfiAiNdmA==

"@cspell/dict-typescript@^3.2.3":
  version "3.2.3"
  resolved "https://registry.yarnpkg.com/@cspell/dict-typescript/-/dict-typescript-3.2.3.tgz#cf90e8248d6e5749daaa49bff460060b77d12301"
  integrity sha512-zXh1wYsNljQZfWWdSPYwQhpwiuW0KPW1dSd8idjMRvSD0aSvWWHoWlrMsmZeRl4qM4QCEAjua8+cjflm41cQBg==

"@cspell/dict-vue@^3.0.5":
  version "3.0.5"
  resolved "https://registry.yarnpkg.com/@cspell/dict-vue/-/dict-vue-3.0.5.tgz#e915b6a004d0352f5c27a2e4583c42dba62b6ce0"
  integrity sha512-Mqutb8jbM+kIcywuPQCCaK5qQHTdaByoEO2J9LKFy3sqAdiBogNkrplqUK0HyyRFgCfbJUgjz3N85iCMcWH0JA==

"@cspell/dict-zig@^1.0.0":
  version "1.0.0"
  resolved "https://registry.yarnpkg.com/@cspell/dict-zig/-/dict-zig-1.0.0.tgz#f75fef19f2fdad6f5bc4d02b95b8bec824e82ab9"
  integrity sha512-XibBIxBlVosU06+M6uHWkFeT0/pW5WajDRYdXG2CgHnq85b0TI/Ks0FuBJykmsgi2CAD3Qtx8UHFEtl/DSFnAQ==

"@cspell/dynamic-import@10.3.0":
  version "10.3.0"
  resolved "https://registry.yarnpkg.com/@cspell/dynamic-import/-/dynamic-import-10.3.0.tgz#67454b82dd385a3ce8dd135c7075cb608385cd75"
  integrity sha512-FoKKLweFFdSty+c3RSldTQF9r4etUbYbmQ5qGoqswnq4nhjmhcADUcyB3Qzi/fCEw8IWFNRsnjbyH6i3w3ePHg==
  dependencies:
    "@cspell/url" "10.3.0"
    import-meta-resolve "^4.2.0"

"@cspell/filetypes@10.3.0":
  version "10.3.0"
  resolved "https://registry.yarnpkg.com/@cspell/filetypes/-/filetypes-10.3.0.tgz#5e09616867843da50035ad70c0d25cfcffdcfed3"
  integrity sha512-16mWGedtcYlsjMczXxQJBu1CUOsQvOpGjsTus8ZjFQ60ZGr/S6IO/W5PTlmwnO5jCBSPTnVfCLklQ5RVJWXQsA==

"@cspell/rpc@10.3.0":
  version "10.3.0"
  resolved "https://registry.yarnpkg.com/@cspell/rpc/-/rpc-10.3.0.tgz#4c1d11cf2f32f1fec617334ef6babc68cd5b3d3c"
  integrity sha512-lcT7aR7bc8/nwbdC8R5Lu7pjxZZUbuTtv7pmd4ReanDY27HKwIM1ueDFfrMDdrwFjoQsKEJBNxsgweT2kc3lmg==

"@cspell/strong-weak-map@10.3.0":
  version "10.3.0"
  resolved "https://registry.yarnpkg.com/@cspell/strong-weak-map/-/strong-weak-map-10.3.0.tgz#0bb162eff92259c9a986fe802f3d99dddbdd4439"
  integrity sha512-amSk4X6zJS7f3Lqup+++HGFSttVudhO+8iCEElq2sfFODJNVrwzVoZKSZsplEy1T5M0pGYHVdNrfgYgN1smQsA==

"@cspell/url@10.3.0":
  version "10.3.0"
  resolved "https://registry.yarnpkg.com/@cspell/url/-/url-10.3.0.tgz#22cacd1d2070f3bf7e54cb49cdad56b03fbcb00f"
  integrity sha512-2CdqNTOCOrRgKiwKzLIlF6iIFn7sfMTlEhEpjkjWdOd5XfCxvQrl5DIuNoqgIqXTarWAVb7AxRDPQ2ZdhU0JMg==

ansi-regex@^6.3.0:
  version "6.3.0"
  resolved "https://registry.yarnpkg.com/ansi-regex/-/ansi-regex-6.3.0.tgz#247c8e7b70a1a43b10ce14c0226fcbf58e8815d5"
  integrity sha512-WpDfL7NO6j7tH88IDBNVdUJxDh9nmCteAVW9dsep846XdwF4naCBK+/tGLX3KJgcpgMRXCFlTM2hKGoK9FsdrQ==

argparse@^2.0.1:
  version "2.0.1"
  resolved "https://registry.yarnpkg.com/argparse/-/argparse-2.0.1.tgz#246f50f3ca78a3240f6c997e8a9bd1eac49e4b38"
  integrity sha512-8+9WqebbFzpX9OR+Wa6O29asIogeRMzcGtAINdpMHHyAg10f05aSFVBbcEqGf/PXw1EjAZ+q2/bEBg3DvurK3Q==

array-timsort@^1.0.3:
  version "1.0.3"
  resolved "https://registry.yarnpkg.com/array-timsort/-/array-timsort-1.0.3.tgz#3c9e4199e54fb2b9c3fe5976396a21614ef0d926"
  integrity sha512-/+3GRL7dDAGEfM6TseQk/U+mi18TU2Ms9I3UlLdUMhz2hbvGNTKdj9xniwXfUqgYhHxRx0+8UnKkvlNwVU+cWQ==

balanced-match@^1.0.0:
  version "1.0.0"
  resolved "https://registry.yarnpkg.com/balanced-match/-/balanced-match-1.0.0.tgz#89b4d199ab2bee49de164ea02b89ce462d71b767"
  integrity sha1-ibTRmasr7kneFk6gK4nORi1xt2c=

brace-expansion@^2.0.1:
  version "2.0.1"
  resolved "https://registry.yarnpkg.com/brace-expansion/-/brace-expansion-2.0.1.tgz#1edc459e0f0c548486ecf9fc99f2221364b9a0ae"
  integrity sha512-XnAIvQ8eM+kC6aULx6wuQiwVsnzsi9d3WxzV3FpWTGA19F621kwdbsAcFKXgKUHZWsy+mY6iL1sHTxWEFCytDA==
  dependencies:
    balanced-match "^1.0.0"

chalk-template@^1.1.2:
  version "1.1.2"
  resolved "https://registry.yarnpkg.com/chalk-template/-/chalk-template-1.1.2.tgz#88ff13e75a333d232304e13abc48c5b5be15f1ce"
  integrity sha512-2bxTP2yUH7AJj/VAXfcA+4IcWGdQ87HwBANLt5XxGTeomo8yG0y95N1um9i5StvhT/Bl0/2cARA5v1PpPXUxUA==
  dependencies:
    chalk "^5.2.0"

chalk@^5.2.0:
  version "5.6.2"
  resolved "https://registry.yarnpkg.com/chalk/-/chalk-5.6.2.tgz#b1238b6e23ea337af71c7f8a295db5af0c158aea"
  integrity sha512-7NzBL0rN6fMUW+f7A6Io4h40qQlG+xGmtMxfbnH/K7TAtt8JQWVQK+6g0UXKMeVJoyV5EkkNsErQ8pVD3bLHbA==

chalk@^6.0.0:
  version "6.0.0"
  resolved "https://registry.yarnpkg.com/chalk/-/chalk-6.0.0.tgz#a3bae843bc8454f41ef66ef3fd584dcf34dd805d"
  integrity sha512-2uNTXIuTTxk7ciZgAU1BQcgnchcG0xXnrs6jzkQfj9SsRa9M2s5zE8WT96hS6KmG4MzWHSrvH43DF1m4XRkrFg==

commander@^15.0.0:
  version "15.0.0"
  resolved "https://registry.yarnpkg.com/commander/-/commander-15.0.0.tgz#96f3961f12adac1799ef3fbd8bc61d40572d1b11"
  integrity sha512-z67u4ZhzCL/Tydu1lJARtEZYWbWaN7oYLHbsuzocr6y4N6WZAagG3RQ4FW61V1/0+jImpj293XfrcYnd1qxtPg==

commander@~9.4.1:
  version "9.4.1"
  resolved "https://registry.yarnpkg.com/commander/-/commander-9.4.1.tgz#d1dd8f2ce6faf93147295c0df13c7c21141cfbdd"
  integrity sha512-5EEkTNyHNGFPD2H+c/dXXfQZYa/scCKasxWcXJaWnNJ99pnQN9Vnmqow+p+PlFPE63Q6mThaZws1T+HxfpgtPw==

comment-json@^5.0.0:
  version "5.0.0"
  resolved "https://registry.yarnpkg.com/comment-json/-/comment-json-5.0.0.tgz#3b0cba63da30b31f8b3ea8d75f4d79bfa8346896"
  integrity sha512-uiqLcOiVDJtBP8WGkZHEP+FZIhTzP1dxvn59EfoYUi9gqupjrBWVQkO2atDrbnKPwLeotFYDsuNb26uBMqB+hw==
  dependencies:
    array-timsort "^1.0.3"
    esprima "^4.0.1"

cspell-config-lib@10.3.0:
  version "10.3.0"
  resolved "https://registry.yarnpkg.com/cspell-config-lib/-/cspell-config-lib-10.3.0.tgz#c12cdb4d3843d74e4d88897ae80f0e914417e6df"
  integrity sha512-wkKxHAS9iWtBH9EASnBBTPFUo3c1PpDPD2ITKnqmDtPke5Wwy8Lx3wXlYtg74OFZfXIai6LPDnrCjzhgxQ6tjA==
  dependencies:
    "@cspell/cspell-types" "10.3.0"
    comment-json "^5.0.0"
    smol-toml "^1.8.0"
    yaml "^2.9.0"

cspell-dictionary@10.3.0:
  version "10.3.0"
  resolved "https://registry.yarnpkg.com/cspell-dictionary/-/cspell-dictionary-10.3.0.tgz#4cff54a45b2e4e53477c461cc8bbe558da635778"
  integrity sha512-9AT2CseqOeFynRZ9k9A+wrqTJgKZNh26RBhb4hGViQsCQBofWIKuHxx5SNBoD+Fk7hGg8PkBhhrgGAcEqpSeHA==
  dependencies:
    "@cspell/cspell-performance-monitor" "10.3.0"
    "@cspell/cspell-pipe" "10.3.0"
    "@cspell/cspell-types" "10.3.0"
    cspell-trie-lib "10.3.0"
    fast-equals "^6.0.2"

cspell-gitignore@10.3.0:
  version "10.3.0"
  resolved "https://registry.yarnpkg.com/cspell-gitignore/-/cspell-gitignore-10.3.0.tgz#01d53d1bdb29ddd12ab8ccbc3a955eaa9f4191d4"
  integrity sha512-gNzOX3J4t20cnxEK9QiIsNbJ7XwxqWiq3uwVIe4diVNYjK//WoT2OWtdAQeoSiV2XS8bPK5m7kFQ/x+u3RqQbQ==
  dependencies:
    "@cspell/url" "10.3.0"
    cspell-glob "10.3.0"
    cspell-io "10.3.0"

cspell-glob@10.3.0:
  version "10.3.0"
  resolved "https://registry.yarnpkg.com/cspell-glob/-/cspell-glob-10.3.0.tgz#591c6639ec450dc1e6a6866832c11aec32036296"
  integrity sha512-mXMLDBU6e0GeLs2r8J+pBQdeZfFlHfH/+Mvr2KSZWfmqcnevXeFwcckIbqSm+30yWF5I66u988YOagxJw3+btQ==
  dependencies:
    "@cspell/url" "10.3.0"
    picomatch "^4.0.7"

cspell-grammar@10.3.0:
  version "10.3.0"
  resolved "https://registry.yarnpkg.com/cspell-grammar/-/cspell-grammar-10.3.0.tgz#0b5e927e524bec7d0982daf454b78b172092f8a0"
  integrity sha512-XrFxYI5O7Cu1vwvtmIX3/AX1Ln7nkemsDtEBDs0RqLmWBLtzc1VcFmmAi3h5t36mbWev2TuVyyXjTfvZb41gRA==
  dependencies:
    "@cspell/cspell-pipe" "10.3.0"
    "@cspell/cspell-types" "10.3.0"

cspell-io@10.3.0:
  version "10.3.0"
  resolved "https://registry.yarnpkg.com/cspell-io/-/cspell-io-10.3.0.tgz#ab55a88af9433453097122a8590564761edd54d0"
  integrity sha512-KxtKKdw5rrNtLAtGJoJoF1m4mI6i0Zs2TL7qowh4cSh991ncHFtpjJ9aZJW6PmJ9RZF8LtkYRL8WH6Vp3BB9fQ==
  dependencies:
    "@cspell/cspell-service-bus" "10.3.0"
    "@cspell/url" "10.3.0"

cspell-lib@10.3.0:
  version "10.3.0"
  resolved "https://registry.yarnpkg.com/cspell-lib/-/cspell-lib-10.3.0.tgz#24b4f81043847bb33888cf9a9e79aeb2968c821f"
  integrity sha512-XuyUgOEjkSXi+SlRsTdi3vhW6RaZDgQxAlQ9DpATsWbUKZ8t5DD1nM5X0kIF4UrvcGQ+wmJI8RwMY6GMvmOPmw==
  dependencies:
    "@cspell/cspell-bundled-dicts" "10.3.0"
    "@cspell/cspell-performance-monitor" "10.3.0"
    "@cspell/cspell-pipe" "10.3.0"
    "@cspell/cspell-resolver" "10.3.0"
    "@cspell/cspell-types" "10.3.0"
    "@cspell/dynamic-import" "10.3.0"
    "@cspell/filetypes" "10.3.0"
    "@cspell/rpc" "10.3.0"
    "@cspell/strong-weak-map" "10.3.0"
    "@cspell/url" "10.3.0"
    cspell-config-lib "10.3.0"
    cspell-dictionary "10.3.0"
    cspell-glob "10.3.0"
    cspell-grammar "10.3.0"
    cspell-io "10.3.0"
    cspell-trie-lib "10.3.0"
    env-paths "^4.0.0"
    gensequence "^8.0.8"
    import-fresh "^4.0.0"
    resolve-from "^5.0.0"
    vscode-languageserver-textdocument "^1.0.14"
    vscode-uri "^3.2.0"
    xdg-basedir "^5.1.0"

cspell-trie-lib@10.3.0:
  version "10.3.0"
  resolved "https://registry.yarnpkg.com/cspell-trie-lib/-/cspell-trie-lib-10.3.0.tgz#5921a1c31516f8793263a15e86a975f0b1f215a2"
  integrity sha512-Y2bI1dEly/ToxM98T/4aVifbKJNcHM/pYcyQ65Zc+wKAOvB8S4Xt93dx6Ik2EraL/tT3zC5xP4Wq7B1qlpjo8w==

cspell@^10.0.0:
  version "10.3.0"
  resolved "https://registry.yarnpkg.com/cspell/-/cspell-10.3.0.tgz#40903716a4ab8e2a04b9f4043190ed7365881fde"
  integrity sha512-naVffsHObB8A4usJUMdN30OskNIoOQgZ3pYNCH8R/ypzfFy6PMDSJYOtLUhl/tkRWTDj/EgUaDRyE60tf3nrmQ==
  dependencies:
    "@cspell/cspell-json-reporter" "10.3.0"
    "@cspell/cspell-performance-monitor" "10.3.0"
    "@cspell/cspell-pipe" "10.3.0"
    "@cspell/cspell-types" "10.3.0"
    "@cspell/cspell-worker" "10.3.0"
    "@cspell/dynamic-import" "10.3.0"
    "@cspell/url" "10.3.0"
    ansi-regex "^6.3.0"
    chalk "^6.0.0"
    chalk-template "^1.1.2"
    commander "^15.0.0"
    cspell-config-lib "10.3.0"
    cspell-dictionary "10.3.0"
    cspell-gitignore "10.3.0"
    cspell-glob "10.3.0"
    cspell-io "10.3.0"
    cspell-lib "10.3.0"
    fast-json-stable-stringify "^2.1.0"
    flatted "^3.4.4"
    semver "^7.8.5"
    tinyglobby "^0.2.17"

deep-extend@^0.6.0:
  version "0.6.0"
  resolved "https://registry.yarnpkg.com/deep-extend/-/deep-extend-0.6.0.tgz#c4fa7c95404a17a9c3e8ca7e1537312b736330ac"
  integrity sha512-LOHxIOaPYdHlJRtCQfDIVZtfw/ufM8+rVj649RIHzcm/vGwQRXFt6OPqIFWsm2XEMrNIEtWR64sY1LEKD2vAOA==

entities@~3.0.1:
  version "3.0.1"
  resolved "https://registry.yarnpkg.com/entities/-/entities-3.0.1.tgz#2b887ca62585e96db3903482d336c1006c3001d4"
  integrity sha512-WiyBqoomrwMdFG1e0kqvASYfnlb0lp8M5o5Fw2OFq1hNZxxcNk8Ik0Xm7LxzBhuidnZB/UtBqVCgUz3kBOP51Q==

env-paths@^4.0.0:
  version "4.0.0"
  resolved "https://registry.yarnpkg.com/env-paths/-/env-paths-4.0.0.tgz#d0bb1f84a81d2542581bf7b7e8085d0683b39097"
  integrity sha512-pxP8eL2SwwaTRi/KHYwLYXinDs7gL3jxFcBYmEdYfZmZXbaVDvdppd0XBU8qVz03rDfKZMXg1omHCbsJjZrMsw==
  dependencies:
    is-safe-filename "^0.1.0"

esprima@^4.0.1:
  version "4.0.1"
  resolved "https://registry.yarnpkg.com/esprima/-/esprima-4.0.1.tgz#13b04cdb3e6c5d19df91ab6987a8695619b0aa71"
  integrity sha512-eGuFFw7Upda+g4p+QHvnW0RyTX/SVeJBDM/gCtMARO0cLuT2HcEKnTPvhjV6aGeqrCB/sbNop0Kszm0jsaWU4A==

fast-equals@^6.0.2:
  version "6.0.3"
  resolved "https://registry.yarnpkg.com/fast-equals/-/fast-equals-6.0.3.tgz#3e9e8197c5659712f802ff5b8034d06ca6be02ee"
  integrity sha512-IECu4C0fFZFoUC2cA2rDaNUuVIfWIZMwh3tY+ng924vOuD9OaUFFrcIrVwCKbV7TJDkGmrHfhwZ7R0AnHfVhyw==

fast-json-stable-stringify@^2.1.0:
  version "2.1.0"
  resolved "https://registry.yarnpkg.com/fast-json-stable-stringify/-/fast-json-stable-stringify-2.1.0.tgz#874bf69c6f404c2b5d99c481341399fd55892633"
  integrity sha512-lhd/wF+Lk98HZoTCtlVraHtfh5XYijIjalXck7saUtuanSDyLMxnHhSXEDJqHxD7msR8D0uCmqlkwjCV8xvwHw==

fdir@^6.5.0:
  version "6.5.0"
  resolved "https://registry.yarnpkg.com/fdir/-/fdir-6.5.0.tgz#ed2ab967a331ade62f18d077dae192684d50d350"
  integrity sha512-tIbYtZbucOs0BRGqPJkshJUYdL+SDH7dVM8gjy+ERp3WAUjLEFJE+02kanyHtwjWOnwrKYBiwAmM0p4kLJAnXg==

flatted@^3.4.4:
  version "3.4.4"
  resolved "https://registry.yarnpkg.com/flatted/-/flatted-3.4.4.tgz#aeeca2a506303f0cee61c59e6c9f2a88d2f29fc6"
  integrity sha512-5+ybhBZANEJxaH3X5evAFatUxLfEHSr7n6kYJ+1Qd0mUqr4eu9gIf6GDbWHf8RJijHrjjO8G+la14SlL2SeS1Q==

fs.realpath@^1.0.0:
  version "1.0.0"
  resolved "https://registry.yarnpkg.com/fs.realpath/-/fs.realpath-1.0.0.tgz#1504ad2523158caa40db4a2787cb01411994ea4f"
  integrity sha1-FQStJSMVjKpA20onh8sBQRmU6k8=

gensequence@^8.0.8:
  version "8.0.8"
  resolved "https://registry.yarnpkg.com/gensequence/-/gensequence-8.0.8.tgz#381a46bef4b1c26f6aff2b291ce9cd417d363fb1"
  integrity sha512-omMVniXEXpdx/vKxGnPRoO2394Otlze28TyxECbFVyoSpZ9H3EO7lemjcB12OpQJzRW4e5tt/dL1rOxry6aMHg==

get-stdin@~9.0.0:
  version "9.0.0"
  resolved "https://registry.yarnpkg.com/get-stdin/-/get-stdin-9.0.0.tgz#3983ff82e03d56f1b2ea0d3e60325f39d703a575"
  integrity sha512-dVKBjfWisLAicarI2Sf+JuBE/DghV4UzNAVe9yhEJuzeREd3JhOTE9cUaJTeSa77fsbQUK3pcOpJfM59+VKZaA==

glob@~8.0.3:
  version "8.0.3"
  resolved "https://registry.yarnpkg.com/glob/-/glob-8.0.3.tgz#415c6eb2deed9e502c68fa44a272e6da6eeca42e"
  integrity sha512-ull455NHSHI/Y1FqGaaYFaLGkNMMJbavMrEGFXG/PGrg6y7sutWHUHrz6gy6WEBH6akM1M414dWKCNs+IhKdiQ==
  dependencies:
    fs.realpath "^1.0.0"
    inflight "^1.0.4"
    inherits "2"
    minimatch "^5.0.1"
    once "^1.3.0"

global-directory@^5.0.0:
  version "5.0.0"
  resolved "https://registry.yarnpkg.com/global-directory/-/global-directory-5.0.0.tgz#0f66a94212acd0f81ee838d0a991e88d1c2836cf"
  integrity sha512-1pgFdhK3J2LeM+dVf2Pd424yHx2ou338lC0ErNP2hPx4j8eW1Sp0XqSjNxtk6Tc4Kr5wlWtSvz8cn2yb7/SG/w==
  dependencies:
    ini "6.0.0"

ignore@~5.2.4:
  version "5.2.4"
  resolved "https://registry.yarnpkg.com/ignore/-/ignore-5.2.4.tgz#a291c0c6178ff1b960befe47fcdec301674a6324"
  integrity sha512-MAb38BcSbH0eHNBxn7ql2NH/kX33OkB3lZ1BNdh7ENeRChHTYsTvWrMubiIAMNS2llXEEgZ1MUOBtXChP3kaFQ==

import-fresh@^4.0.0:
  version "4.0.0"
  resolved "https://registry.yarnpkg.com/import-fresh/-/import-fresh-4.0.0.tgz#07057d6f3b6d9bf19b8f287c8d73b43da5f9f289"
  integrity sha512-Fpi660c7VPDM3fPKYovStd9IP1CPOikf6v/dGxJJMmHPcwYQIMJ4W7kO1avBYEpMqkCh+Dx3Ln6H7VYqgztLjw==

import-meta-resolve@^4.2.0:
  version "4.2.0"
  resolved "https://registry.yarnpkg.com/import-meta-resolve/-/import-meta-resolve-4.2.0.tgz#08cb85b5bd37ecc8eb1e0f670dc2767002d43734"
  integrity sha512-Iqv2fzaTQN28s/FwZAoFq0ZSs/7hMAHJVX+w8PZl3cY19Pxk6jFFalxQoIfW2826i/fDLXv8IiEZRIT0lDuWcg==

inflight@^1.0.4:
  version "1.0.6"
  resolved "https://registry.yarnpkg.com/inflight/-/inflight-1.0.6.tgz#49bd6331d7d02d0c09bc910a1075ba8165b56df9"
  integrity sha1-Sb1jMdfQLQwJvJEKEHW6gWW1bfk=
  dependencies:
    once "^1.3.0"
    wrappy "1"

inherits@2:
  version "2.0.4"
  resolved "https://registry.yarnpkg.com/inherits/-/inherits-2.0.4.tgz#0fa2c64f932917c3433a0ded55363aae37416b7c"
  integrity sha512-k/vGaX4/Yla3WzyMCvTQOXYeIHvqOKtnqBduzTHpzpQZzAskKMhZ2K+EnBiSM9zGSoIFeMpXKxa4dYeZIQqewQ==

ini@6.0.0:
  version "6.0.0"
  resolved "https://registry.yarnpkg.com/ini/-/ini-6.0.0.tgz#efc7642b276f6a37d22fdf56ef50889d7146bf30"
  integrity sha512-IBTdIkzZNOpqm7q3dRqJvMaldXjDHWkEDfrwGEQTs5eaQMWV+djAhR+wahyNNMAa+qpbDUhBMVt4ZKNwpPm7xQ==

ini@~3.0.0:
  version "3.0.0"
  resolved "https://registry.yarnpkg.com/ini/-/ini-3.0.0.tgz#2f6de95006923aa75feed8894f5686165adc08f1"
  integrity sha512-TxYQaeNW/N8ymDvwAxPyRbhMBtnEwuvaTYpOQkFx1nSeusgezHniEc/l35Vo4iCq/mMiTJbpD7oYxN98hFlfmw==

is-safe-filename@^0.1.0:
  version "0.1.1"
  resolved "https://registry.yarnpkg.com/is-safe-filename/-/is-safe-filename-0.1.1.tgz#fb22eead097c614c47aa674de5d79a1648a53e66"
  integrity sha512-4SrR7AdnY11LHfDKTZY1u6Ga3RuxZdl3YKWWShO5iyuG5h8QS4GD2tOb04peBJ5I7pXbR+CGBNEhTcwK+FzN3g==

js-yaml@^4.1.0:
  version "4.1.1"
  resolved "https://registry.yarnpkg.com/js-yaml/-/js-yaml-4.1.1.tgz#854c292467705b699476e1a2decc0c8a3458806b"
  integrity sha512-qQKT4zQxXl8lLwBtHMWwaTcGfFOZviOJet3Oy/xmGk2gZH677CJM9EvtfdSkgWcATZhj/55JZ0rmy3myCT5lsA==
  dependencies:
    argparse "^2.0.1"

jsonc-parser@~3.2.0:
  version "3.2.0"
  resolved "https://registry.yarnpkg.com/jsonc-parser/-/jsonc-parser-3.2.0.tgz#31ff3f4c2b9793f89c67212627c51c6394f88e76"
  integrity sha512-gfFQZrcTc8CnKXp6Y4/CBT3fTc0OVuDofpre4aEeEpSBPV5X5v4+Vmx+8snU7RLPrNHPKSgLxGo9YuQzz20o+w==

linkify-it@^4.0.1:
  version "4.0.1"
  resolved "https://registry.yarnpkg.com/linkify-it/-/linkify-it-4.0.1.tgz#01f1d5e508190d06669982ba31a7d9f56a5751ec"
  integrity sha512-C7bfi1UZmoj8+PQx22XyeXCuBlokoyWQL5pWSP+EI6nzRylyThouddufc2c1NDIcP9k5agmN9fLpA7VNJfIiqw==
  dependencies:
    uc.micro "^1.0.1"

markdown-it@13.0.1:
  version "13.0.1"
  resolved "https://registry.yarnpkg.com/markdown-it/-/markdown-it-13.0.1.tgz#c6ecc431cacf1a5da531423fc6a42807814af430"
  integrity sha512-lTlxriVoy2criHP0JKRhO2VDG9c2ypWCsT237eDiLqi09rmbKoUetyGHq2uOIRoRS//kfoJckS0eUzzkDR+k2Q==
  dependencies:
    argparse "^2.0.1"
    entities "~3.0.1"
    linkify-it "^4.0.1"
    mdurl "^1.0.1"
    uc.micro "^1.0.5"

markdownlint-cli@^0.33.0:
  version "0.33.0"
  resolved "https://registry.yarnpkg.com/markdownlint-cli/-/markdownlint-cli-0.33.0.tgz#703af1234c32c309ab52fcd0e8bc797a34e2b096"
  integrity sha512-zMK1oHpjYkhjO+94+ngARiBBrRDEUMzooDHBAHtmEIJ9oYddd9l3chCReY2mPlecwH7gflQp1ApilTo+o0zopQ==
  dependencies:
    commander "~9.4.1"
    get-stdin "~9.0.0"
    glob "~8.0.3"
    ignore "~5.2.4"
    js-yaml "^4.1.0"
    jsonc-parser "~3.2.0"
    markdownlint "~0.27.0"
    minimatch "~5.1.2"
    run-con "~1.2.11"

markdownlint@~0.27.0:
  version "0.27.0"
  resolved "https://registry.yarnpkg.com/markdownlint/-/markdownlint-0.27.0.tgz#9dabf7710a4999e2835e3c68317f1acd0bc89049"
  integrity sha512-HtfVr/hzJJmE0C198F99JLaeada+646B5SaG2pVoEakLFI6iRGsvMqrnnrflq8hm1zQgwskEgqSnhDW11JBp0w==
  dependencies:
    markdown-it "13.0.1"

mdurl@^1.0.1:
  version "1.0.1"
  resolved "https://registry.yarnpkg.com/mdurl/-/mdurl-1.0.1.tgz#fe85b2ec75a59037f2adfec100fd6c601761152e"
  integrity sha1-/oWy7HWlkDfyrf7BAP1sYBdhFS4=

minimatch@^5.0.1, minimatch@~5.1.2:
  version "5.1.2"
  resolved "https://registry.yarnpkg.com/minimatch/-/minimatch-5.1.2.tgz#0939d7d6f0898acbd1508abe534d1929368a8fff"
  integrity sha512-bNH9mmM9qsJ2X4r2Nat1B//1dJVcn3+iBLa3IgqJ7EbGaDNepL9QSHOxN4ng33s52VMMhhIfgCYDk3C4ZmlDAg==
  dependencies:
    brace-expansion "^2.0.1"

minimist@^1.2.6:
  version "1.2.6"
  resolved "https://registry.yarnpkg.com/minimist/-/minimist-1.2.6.tgz#8637a5b759ea0d6e98702cfb3a9283323c93af44"
  integrity sha512-Jsjnk4bw3YJqYzbdyBiNsPWHPfO++UGG749Cxs6peCu5Xg4nrena6OVxOYxrQTqww0Jmwt+Ref8rggumkTLz9Q==

once@^1.3.0:
  version "1.4.0"
  resolved "https://registry.yarnpkg.com/once/-/once-1.4.0.tgz#583b1aa775961d4b113ac17d9c50baef9dd76bd1"
  integrity sha1-WDsap3WWHUsROsF9nFC6753Xa9E=
  dependencies:
    wrappy "1"

picomatch@^4.0.4, picomatch@^4.0.7:
  version "4.0.7"
  resolved "https://registry.yarnpkg.com/picomatch/-/picomatch-4.0.7.tgz#6313360034ccb36b3dc61ecbdff78121f90fe21f"
  integrity sha512-qcJu88Q2IWqJsDD529JKMdwGm/dvInW4HvQnRwiH9JtihJvzGOscDtHE3x1pBKeUOTysQ8kVmLnJ2kJu7yhcGA==

resolve-from@^5.0.0:
  version "5.0.0"
  resolved "https://registry.yarnpkg.com/resolve-from/-/resolve-from-5.0.0.tgz#c35225843df8f776df21c57557bc087e9dfdfc69"
  integrity sha512-qYg9KP24dD5qka9J47d0aVky0N+b4fTU89LN9iDnjB5waksiC49rvMB0PrUJQGoTmH50XPiqOvAjDfaijGxYZw==

run-con@~1.2.11:
  version "1.2.11"
  resolved "https://registry.yarnpkg.com/run-con/-/run-con-1.2.11.tgz#0014ed430bad034a60568dfe7de2235f32e3f3c4"
  integrity sha512-NEMGsUT+cglWkzEr4IFK21P4Jca45HqiAbIIZIBdX5+UZTB24Mb/21iNGgz9xZa8tL6vbW7CXmq7MFN42+VjNQ==
  dependencies:
    deep-extend "^0.6.0"
    ini "~3.0.0"
    minimist "^1.2.6"
    strip-json-comments "~3.1.1"

semver@^7.8.5:
  version "7.8.5"
  resolved "https://registry.yarnpkg.com/semver/-/semver-7.8.5.tgz#39b646037dd50c14fb451e7e4cac58ed8b863f69"
  integrity sha512-Y7/KDsb8LjooZpwaqGyulO6DQlksgCncchHGk+sZIY4SBvUocMBEFH5Ur1fI4dV+Jvl0w6cjvucaIi40puRioA==

smol-toml@^1.8.0:
  version "1.8.0"
  resolved "https://registry.yarnpkg.com/smol-toml/-/smol-toml-1.8.0.tgz#dc5e0936825f1fef37bdf2c569081f709d8a009f"
  integrity sha512-kCZr2V3ch9i00x8zXRhjUNVcjG9ijES5dDudkXvUVCT5QlJNQWElSJdZqyPemffHoLNUYwOcou0Fy+ojN0uHSQ==

strip-json-comments@~3.1.1:
  version "3.1.1"
  resolved "https://registry.yarnpkg.com/strip-json-comments/-/strip-json-comments-3.1.1.tgz#31f1281b3832630434831c310c01cccda8cbe006"
  integrity sha512-6fPc+R4ihwqP6N/aIv2f1gMH8lOVtWQHoqC4yK6oSDVVocumAsfCqjkXnqiYMhmMwS/mEHLp7Vehlt3ql6lEig==

tinyglobby@^0.2.17:
  version "0.2.17"
  resolved "https://registry.yarnpkg.com/tinyglobby/-/tinyglobby-0.2.17.tgz#562a9a6c9eb2b3b123d39719f9af5bb44fcd7631"
  integrity sha512-wXR/dYpcqKmfWpEdZjiKJOwCNFndD0DMnrW/cYjVGttEkBfVgcLFHoNrlj47mjOVic9yyNu65alsgF4NQyTa2g==
  dependencies:
    fdir "^6.5.0"
    picomatch "^4.0.4"

uc.micro@^1.0.1, uc.micro@^1.0.5:
  version "1.0.6"
  resolved "https://registry.yarnpkg.com/uc.micro/-/uc.micro-1.0.6.tgz#9c411a802a409a91fc6cf74081baba34b24499ac"
  integrity sha512-8Y75pvTYkLJW2hWQHXxoqRgV7qb9B+9vFEtidML+7koHUFapnVJAZ6cKs+Qjz5Aw3aZWHMC6u0wJE3At+nSGwA==

vscode-languageserver-textdocument@^1.0.14:
  version "1.0.14"
  resolved "https://registry.yarnpkg.com/vscode-languageserver-textdocument/-/vscode-languageserver-textdocument-1.0.14.tgz#7731b808ba1a907e3560d5e4317bcd14baf819ce"
  integrity sha512-EQyqJMi552E4ZTf46izQ4Fj6XquqxCySR3J5ZSD1SisMf6RfpeOWHxGBE8Gr6V0/3GHIGdAzDn8F8+1nTGCnoQ==

vscode-uri@^3.2.0:
  version "3.2.0"
  resolved "https://registry.yarnpkg.com/vscode-uri/-/vscode-uri-3.2.0.tgz#1cb1fd3cee7426b66732afc3fb86343d596d5fb4"
  integrity sha512-m2gXo3bn0G1kT9InzMf07fTbqMbGtyckj3bH5ktLO+1Ssv+yiATZ4dhwaQv9UZWxJh6E9IFGnQyjgWVDWVBDrg==

wrappy@1:
  version "1.0.2"
  resolved "https://registry.yarnpkg.com/wrappy/-/wrappy-1.0.2.tgz#b5243d8f3ec1aa35f1364605bc0d1036e30ab69f"
  integrity sha1-tSQ9jz7BqjXxNkYFvA0QNuMKtp8=

xdg-basedir@^5.1.0:
  version "5.1.0"
  resolved "https://registry.yarnpkg.com/xdg-basedir/-/xdg-basedir-5.1.0.tgz#1efba19425e73be1bc6f2a6ceb52a3d2c884c0c9"
  integrity sha512-GCPAHLvrIH13+c0SuacwvRYj2SxJXQ4kaVTT5xgL3kPrz56XxkF21IGhjSE1+W0aw7gpBWRGXLCPnPby6lSpmQ==

yaml@^2.9.0:
  version "2.9.1"
  resolved "https://registry.yarnpkg.com/yaml/-/yaml-2.9.1.tgz#c16233fb31944e705cfefaff38795587f57588ce"
  integrity sha512-3NxN8+78OdzbT7C/WjGsyfPAtJaN3FNDsWxv7Y7mcDsT/oOmgW8BpyQQFFBnvZE3j9Y2Sdz1ULFLezL7Eb2yFw==
